// !$*UTF8*$!
{
	archiveVersion = 1;
	classes = {
	};
	objectVersion = 50;
	objects = {

/* Begin PBXBuildFile section */
		2601324629B5AE24003EB0A6 /* Queue.swift in Sources */ = {isa = PBXBuildFile; fileRef = 2601324529B5AE24003EB0A6 /* Queue.swift */; };
		2617EFB129C00FC900CACBD2 /* ManagerOption.swift in Sources */ = {isa = PBXBuildFile; fileRef = 2617EFB029C00FC900CACBD2 /* ManagerOption.swift */; };
		263D6F8A29B5C1A200CC988B /* QueueTests.swift in Sources */ = {isa = PBXBuildFile; fileRef = 263D6F8929B5C1A200CC988B /* QueueTests.swift */; };
		263D6F8E29B5C1A800CC988B /* Node.swift in Sources */ = {isa = PBXBuildFile; fileRef = BFD4849229B5AD8000617DE4 /* Node.swift */; };
		263D6F8F29B5C1AA00CC988B /* LinkedList.swift in Sources */ = {isa = PBXBuildFile; fileRef = BFD0BF0C29B5A93000198BAB /* LinkedList.swift */; };
		263D6F9029B5C1AC00CC988B /* Queue.swift in Sources */ = {isa = PBXBuildFile; fileRef = 2601324529B5AE24003EB0A6 /* Queue.swift */; };
		2688A7B629B82E7E00A263B9 /* BankOption.swift in Sources */ = {isa = PBXBuildFile; fileRef = 2688A7B529B82E7E00A263B9 /* BankOption.swift */; };
		BF048D4429B82C3C006FAB11 /* Double+extension.swift in Sources */ = {isa = PBXBuildFile; fileRef = BF048D4329B82C3C006FAB11 /* Double+extension.swift */; };
		BF048D4629B9C9B7006FAB11 /* Banking.swift in Sources */ = {isa = PBXBuildFile; fileRef = BF048D4529B9C9B7006FAB11 /* Banking.swift */; };
		BF60042B29B5BD0C0047B49C /* Node.swift in Sources */ = {isa = PBXBuildFile; fileRef = BFD4849229B5AD8000617DE4 /* Node.swift */; };
		BFD4849329B5AD8000617DE4 /* Node.swift in Sources */ = {isa = PBXBuildFile; fileRef = BFD4849229B5AD8000617DE4 /* Node.swift */; };
		BFD484AA29B5B4E400617DE4 /* LinkedListTests.swift in Sources */ = {isa = PBXBuildFile; fileRef = BFD484A929B5B4E400617DE4 /* LinkedListTests.swift */; };
		BFD484AF29B5B7D900617DE4 /* LinkedList.swift in Sources */ = {isa = PBXBuildFile; fileRef = BFD0BF0C29B5A93000198BAB /* LinkedList.swift */; };
		BFD484B229B5BC7400617DE4 /* LinkedList.swift in Sources */ = {isa = PBXBuildFile; fileRef = BFD0BF0C29B5A93000198BAB /* LinkedList.swift */; };
		BFEF8D5129B6FF6400E1C085 /* Customer.swift in Sources */ = {isa = PBXBuildFile; fileRef = BFEF8D5029B6FF6400E1C085 /* Customer.swift */; };
		BFEF8D5329B7004800E1C085 /* Bank.swift in Sources */ = {isa = PBXBuildFile; fileRef = BFEF8D5229B7004800E1C085 /* Bank.swift */; };
		C7694E7A259C3EC00053667F /* main.swift in Sources */ = {isa = PBXBuildFile; fileRef = C7694E79259C3EC00053667F /* main.swift */; };
		C7D65D1B259C8190005510E0 /* BankManager.swift in Sources */ = {isa = PBXBuildFile; fileRef = C7D65D1A259C8190005510E0 /* BankManager.swift */; };
/* End PBXBuildFile section */

/* Begin PBXCopyFilesBuildPhase section */
		C7694E74259C3EC00053667F /* CopyFiles */ = {
			isa = PBXCopyFilesBuildPhase;
			buildActionMask = 2147483647;
			dstPath = /usr/share/man/man1/;
			dstSubfolderSpec = 0;
			files = (
			);
			runOnlyForDeploymentPostprocessing = 1;
		};
/* End PBXCopyFilesBuildPhase section */

/* Begin PBXFileReference section */
		2601324529B5AE24003EB0A6 /* Queue.swift */ = {isa = PBXFileReference; lastKnownFileType = sourcecode.swift; path = Queue.swift; sourceTree = "<group>"; };
		2617EFB029C00FC900CACBD2 /* ManagerOption.swift */ = {isa = PBXFileReference; lastKnownFileType = sourcecode.swift; path = ManagerOption.swift; sourceTree = "<group>"; };
		263D6F8729B5C1A100CC988B /* QueueTests.xctest */ = {isa = PBXFileReference; explicitFileType = wrapper.cfbundle; includeInIndex = 0; path = QueueTests.xctest; sourceTree = BUILT_PRODUCTS_DIR; };
		263D6F8929B5C1A200CC988B /* QueueTests.swift */ = {isa = PBXFileReference; lastKnownFileType = sourcecode.swift; path = QueueTests.swift; sourceTree = "<group>"; };
		2688A7B529B82E7E00A263B9 /* BankOption.swift */ = {isa = PBXFileReference; lastKnownFileType = sourcecode.swift; path = BankOption.swift; sourceTree = "<group>"; };
		BF048D4329B82C3C006FAB11 /* Double+extension.swift */ = {isa = PBXFileReference; lastKnownFileType = sourcecode.swift; path = "Double+extension.swift"; sourceTree = "<group>"; };
		BF048D4529B9C9B7006FAB11 /* Banking.swift */ = {isa = PBXFileReference; lastKnownFileType = sourcecode.swift; path = Banking.swift; sourceTree = "<group>"; };
		BFD0BF0C29B5A93000198BAB /* LinkedList.swift */ = {isa = PBXFileReference; lastKnownFileType = sourcecode.swift; path = LinkedList.swift; sourceTree = "<group>"; };
		BFD4849229B5AD8000617DE4 /* Node.swift */ = {isa = PBXFileReference; lastKnownFileType = sourcecode.swift; path = Node.swift; sourceTree = "<group>"; };
		BFD484A729B5B4E300617DE4 /* LinkedListTests.xctest */ = {isa = PBXFileReference; explicitFileType = wrapper.cfbundle; includeInIndex = 0; path = LinkedListTests.xctest; sourceTree = BUILT_PRODUCTS_DIR; };
		BFD484A929B5B4E400617DE4 /* LinkedListTests.swift */ = {isa = PBXFileReference; lastKnownFileType = sourcecode.swift; path = LinkedListTests.swift; sourceTree = "<group>"; };
		BFEF8D5029B6FF6400E1C085 /* Customer.swift */ = {isa = PBXFileReference; lastKnownFileType = sourcecode.swift; path = Customer.swift; sourceTree = "<group>"; };
		BFEF8D5229B7004800E1C085 /* Bank.swift */ = {isa = PBXFileReference; lastKnownFileType = sourcecode.swift; path = Bank.swift; sourceTree = "<group>"; };
		C7694E76259C3EC00053667F /* BankManagerConsoleApp */ = {isa = PBXFileReference; explicitFileType = "compiled.mach-o.executable"; includeInIndex = 0; path = BankManagerConsoleApp; sourceTree = BUILT_PRODUCTS_DIR; };
		C7694E79259C3EC00053667F /* main.swift */ = {isa = PBXFileReference; lastKnownFileType = sourcecode.swift; path = main.swift; sourceTree = "<group>"; };
		C7D65D1A259C8190005510E0 /* BankManager.swift */ = {isa = PBXFileReference; fileEncoding = 4; lastKnownFileType = sourcecode.swift; name = BankManager.swift; path = ../../BankManager.swift; sourceTree = "<group>"; };
/* End PBXFileReference section */

/* Begin PBXFrameworksBuildPhase section */
		263D6F8429B5C1A100CC988B /* Frameworks */ = {
			isa = PBXFrameworksBuildPhase;
			buildActionMask = 2147483647;
			files = (
			);
			runOnlyForDeploymentPostprocessing = 0;
		};
		BFD484A429B5B4E300617DE4 /* Frameworks */ = {
			isa = PBXFrameworksBuildPhase;
			buildActionMask = 2147483647;
			files = (
			);
			runOnlyForDeploymentPostprocessing = 0;
		};
		C7694E73259C3EC00053667F /* Frameworks */ = {
			isa = PBXFrameworksBuildPhase;
			buildActionMask = 2147483647;
			files = (
			);
			runOnlyForDeploymentPostprocessing = 0;
		};
/* End PBXFrameworksBuildPhase section */

/* Begin PBXGroup section */
		2601324729B5AF72003EB0A6 /* DataStructure */ = {
			isa = PBXGroup;
			children = (
				BFD4849229B5AD8000617DE4 /* Node.swift */,
				BFD0BF0C29B5A93000198BAB /* LinkedList.swift */,
				2601324529B5AE24003EB0A6 /* Queue.swift */,
			);
			path = DataStructure;
			sourceTree = "<group>";
		};
		263D6F8829B5C1A200CC988B /* QueueTests */ = {
			isa = PBXGroup;
			children = (
				263D6F8929B5C1A200CC988B /* QueueTests.swift */,
			);
			path = QueueTests;
			sourceTree = "<group>";
		};
		2688A7B429B82E3200A263B9 /* Extension */ = {
			isa = PBXGroup;
			children = (
				BF048D4329B82C3C006FAB11 /* Double+extension.swift */,
			);
			path = Extension;
			sourceTree = "<group>";
		};
		2688A7B729B82FFA00A263B9 /* NameSpace */ = {
			isa = PBXGroup;
			children = (
				2688A7B529B82E7E00A263B9 /* BankOption.swift */,
				2617EFB029C00FC900CACBD2 /* ManagerOption.swift */,
			);
			path = NameSpace;
			sourceTree = "<group>";
		};
		BFD484A829B5B4E400617DE4 /* LinkedListTests */ = {
			isa = PBXGroup;
			children = (
				BFD484A929B5B4E400617DE4 /* LinkedListTests.swift */,
			);
			path = LinkedListTests;
			sourceTree = "<group>";
		};
		C7694E6D259C3EC00053667F = {
			isa = PBXGroup;
			children = (
				C7694E78259C3EC00053667F /* BankManagerConsoleApp */,
				BFD484A829B5B4E400617DE4 /* LinkedListTests */,
				263D6F8829B5C1A200CC988B /* QueueTests */,
				C7694E77259C3EC00053667F /* Products */,
			);
			sourceTree = "<group>";
		};
		C7694E77259C3EC00053667F /* Products */ = {
			isa = PBXGroup;
			children = (
				C7694E76259C3EC00053667F /* BankManagerConsoleApp */,
				BFD484A729B5B4E300617DE4 /* LinkedListTests.xctest */,
				263D6F8729B5C1A100CC988B /* QueueTests.xctest */,
			);
			name = Products;
			sourceTree = "<group>";
		};
		C7694E78259C3EC00053667F /* BankManagerConsoleApp */ = {
			isa = PBXGroup;
			children = (
				2688A7B729B82FFA00A263B9 /* NameSpace */,
				2688A7B429B82E3200A263B9 /* Extension */,
				2601324729B5AF72003EB0A6 /* DataStructure */,
				BFEF8D5029B6FF6400E1C085 /* Customer.swift */,
				BFEF8D5229B7004800E1C085 /* Bank.swift */,
				C7D65D1A259C8190005510E0 /* BankManager.swift */,
				BF048D4529B9C9B7006FAB11 /* Banking.swift */,
				C7694E79259C3EC00053667F /* main.swift */,
			);
			path = BankManagerConsoleApp;
			sourceTree = "<group>";
		};
/* End PBXGroup section */

/* Begin PBXNativeTarget section */
		263D6F8629B5C1A100CC988B /* QueueTests */ = {
			isa = PBXNativeTarget;
			buildConfigurationList = 263D6F8D29B5C1A200CC988B /* Build configuration list for PBXNativeTarget "QueueTests" */;
			buildPhases = (
				263D6F8329B5C1A100CC988B /* Sources */,
				263D6F8429B5C1A100CC988B /* Frameworks */,
				263D6F8529B5C1A100CC988B /* Resources */,
			);
			buildRules = (
			);
			dependencies = (
			);
			name = QueueTests;
			productName = QueueTests;
			productReference = 263D6F8729B5C1A100CC988B /* QueueTests.xctest */;
			productType = "com.apple.product-type.bundle.unit-test";
		};
		BFD484A629B5B4E300617DE4 /* LinkedListTests */ = {
			isa = PBXNativeTarget;
			buildConfigurationList = BFD484AB29B5B4E400617DE4 /* Build configuration list for PBXNativeTarget "LinkedListTests" */;
			buildPhases = (
				BFD484A329B5B4E300617DE4 /* Sources */,
				BFD484A429B5B4E300617DE4 /* Frameworks */,
				BFD484A529B5B4E300617DE4 /* Resources */,
			);
			buildRules = (
			);
			dependencies = (
			);
			name = LinkedListTests;
			productName = LinkedListTests;
			productReference = BFD484A729B5B4E300617DE4 /* LinkedListTests.xctest */;
			productType = "com.apple.product-type.bundle.unit-test";
		};
		C7694E75259C3EC00053667F /* BankManagerConsoleApp */ = {
			isa = PBXNativeTarget;
			buildConfigurationList = C7694E7D259C3EC00053667F /* Build configuration list for PBXNativeTarget "BankManagerConsoleApp" */;
			buildPhases = (
				C7694E72259C3EC00053667F /* Sources */,
				C7694E73259C3EC00053667F /* Frameworks */,
				C7694E74259C3EC00053667F /* CopyFiles */,
			);
			buildRules = (
			);
			dependencies = (
			);
			name = BankManagerConsoleApp;
			productName = BankManagerConsoleApp;
			productReference = C7694E76259C3EC00053667F /* BankManagerConsoleApp */;
			productType = "com.apple.product-type.tool";
		};
/* End PBXNativeTarget section */

/* Begin PBXProject section */
		C7694E6E259C3EC00053667F /* Project object */ = {
			isa = PBXProject;
			attributes = {
				LastSwiftUpdateCheck = 1420;
				LastUpgradeCheck = 1210;
				TargetAttributes = {
					263D6F8629B5C1A100CC988B = {
						CreatedOnToolsVersion = 14.2;
					};
					BFD484A629B5B4E300617DE4 = {
						CreatedOnToolsVersion = 14.2;
					};
					C7694E75259C3EC00053667F = {
						CreatedOnToolsVersion = 12.1;
					};
				};
			};
			buildConfigurationList = C7694E71259C3EC00053667F /* Build configuration list for PBXProject "BankManagerConsoleApp" */;
			compatibilityVersion = "Xcode 9.3";
			developmentRegion = en;
			hasScannedForEncodings = 0;
			knownRegions = (
				en,
				Base,
			);
			mainGroup = C7694E6D259C3EC00053667F;
			productRefGroup = C7694E77259C3EC00053667F /* Products */;
			projectDirPath = "";
			projectRoot = "";
			targets = (
				C7694E75259C3EC00053667F /* BankManagerConsoleApp */,
				BFD484A629B5B4E300617DE4 /* LinkedListTests */,
				263D6F8629B5C1A100CC988B /* QueueTests */,
			);
		};
/* End PBXProject section */

/* Begin PBXResourcesBuildPhase section */
		263D6F8529B5C1A100CC988B /* Resources */ = {
			isa = PBXResourcesBuildPhase;
			buildActionMask = 2147483647;
			files = (
			);
			runOnlyForDeploymentPostprocessing = 0;
		};
		BFD484A529B5B4E300617DE4 /* Resources */ = {
			isa = PBXResourcesBuildPhase;
			buildActionMask = 2147483647;
			files = (
			);
			runOnlyForDeploymentPostprocessing = 0;
		};
/* End PBXResourcesBuildPhase section */

/* Begin PBXSourcesBuildPhase section */
		263D6F8329B5C1A100CC988B /* Sources */ = {
			isa = PBXSourcesBuildPhase;
			buildActionMask = 2147483647;
			files = (
				263D6F8F29B5C1AA00CC988B /* LinkedList.swift in Sources */,
				263D6F8A29B5C1A200CC988B /* QueueTests.swift in Sources */,
				263D6F8E29B5C1A800CC988B /* Node.swift in Sources */,
				263D6F9029B5C1AC00CC988B /* Queue.swift in Sources */,
			);
			runOnlyForDeploymentPostprocessing = 0;
		};
		BFD484A329B5B4E300617DE4 /* Sources */ = {
			isa = PBXSourcesBuildPhase;
			buildActionMask = 2147483647;
			files = (
				BF60042B29B5BD0C0047B49C /* Node.swift in Sources */,
				BFD484B229B5BC7400617DE4 /* LinkedList.swift in Sources */,
				BFD484AA29B5B4E400617DE4 /* LinkedListTests.swift in Sources */,
			);
			runOnlyForDeploymentPostprocessing = 0;
		};
		C7694E72259C3EC00053667F /* Sources */ = {
			isa = PBXSourcesBuildPhase;
			buildActionMask = 2147483647;
			files = (
				BF048D4429B82C3C006FAB11 /* Double+extension.swift in Sources */,
				2617EFB129C00FC900CACBD2 /* ManagerOption.swift in Sources */,
				2601324629B5AE24003EB0A6 /* Queue.swift in Sources */,
				C7694E7A259C3EC00053667F /* main.swift in Sources */,
				2688A7B629B82E7E00A263B9 /* BankOption.swift in Sources */,
				BFD484AF29B5B7D900617DE4 /* LinkedList.swift in Sources */,
				BFEF8D5129B6FF6400E1C085 /* Customer.swift in Sources */,
				BF048D4629B9C9B7006FAB11 /* Banking.swift in Sources */,
				C7D65D1B259C8190005510E0 /* BankManager.swift in Sources */,
				BFD4849329B5AD8000617DE4 /* Node.swift in Sources */,
				BFEF8D5329B7004800E1C085 /* Bank.swift in Sources */,
			);
			runOnlyForDeploymentPostprocessing = 0;
		};
/* End PBXSourcesBuildPhase section */

/* Begin XCBuildConfiguration section */
		263D6F8B29B5C1A200CC988B /* Debug */ = {
			isa = XCBuildConfiguration;
			buildSettings = {
				CLANG_CXX_LANGUAGE_STANDARD = "gnu++20";
				CODE_SIGN_STYLE = Automatic;
				CURRENT_PROJECT_VERSION = 1;
				DEVELOPMENT_TEAM = 4GBN26S4PF;
				GENERATE_INFOPLIST_FILE = YES;
				IPHONEOS_DEPLOYMENT_TARGET = 16.2;
				MACOSX_DEPLOYMENT_TARGET = 13.0;
				MARKETING_VERSION = 1.0;
				PRODUCT_BUNDLE_IDENTIFIER = com.minsu.QueueTests;
				PRODUCT_NAME = "$(TARGET_NAME)";
				SDKROOT = auto;
				SUPPORTED_PLATFORMS = "iphoneos iphonesimulator macosx";
				SWIFT_EMIT_LOC_STRINGS = NO;
				SWIFT_VERSION = 5.0;
				TARGETED_DEVICE_FAMILY = "1,2";
			};
			name = Debug;
		};
		263D6F8C29B5C1A200CC988B /* Release */ = {
			isa = XCBuildConfiguration;
			buildSettings = {
				CLANG_CXX_LANGUAGE_STANDARD = "gnu++20";
				CODE_SIGN_STYLE = Automatic;
				CURRENT_PROJECT_VERSION = 1;
				DEVELOPMENT_TEAM = 4GBN26S4PF;
				GENERATE_INFOPLIST_FILE = YES;
				IPHONEOS_DEPLOYMENT_TARGET = 16.2;
				MACOSX_DEPLOYMENT_TARGET = 13.0;
				MARKETING_VERSION = 1.0;
				PRODUCT_BUNDLE_IDENTIFIER = com.minsu.QueueTests;
				PRODUCT_NAME = "$(TARGET_NAME)";
				SDKROOT = auto;
				SUPPORTED_PLATFORMS = "iphoneos iphonesimulator macosx";
				SWIFT_EMIT_LOC_STRINGS = NO;
				SWIFT_VERSION = 5.0;
				TARGETED_DEVICE_FAMILY = "1,2";
			};
			name = Release;
		};
		BFD484AC29B5B4E400617DE4 /* Debug */ = {
			isa = XCBuildConfiguration;
			buildSettings = {
				CLANG_CXX_LANGUAGE_STANDARD = "gnu++20";
				CODE_SIGN_STYLE = Automatic;
				CURRENT_PROJECT_VERSION = 1;
				GENERATE_INFOPLIST_FILE = YES;
				IPHONEOS_DEPLOYMENT_TARGET = 16.2;
				MACOSX_DEPLOYMENT_TARGET = 13.0;
				MARKETING_VERSION = 1.0;
				PRODUCT_BUNDLE_IDENTIFIER = net.hyemory.LinkedListTests;
				PRODUCT_NAME = "$(TARGET_NAME)";
				SDKROOT = auto;
				SUPPORTED_PLATFORMS = "iphoneos iphonesimulator macosx";
				SWIFT_EMIT_LOC_STRINGS = NO;
				SWIFT_VERSION = 5.0;
				TARGETED_DEVICE_FAMILY = "1,2";
			};
			name = Debug;
		};
		BFD484AD29B5B4E400617DE4 /* Release */ = {
			isa = XCBuildConfiguration;
			buildSettings = {
				CLANG_CXX_LANGUAGE_STANDARD = "gnu++20";
				CODE_SIGN_STYLE = Automatic;
				CURRENT_PROJECT_VERSION = 1;
				GENERATE_INFOPLIST_FILE = YES;
				IPHONEOS_DEPLOYMENT_TARGET = 16.2;
				MACOSX_DEPLOYMENT_TARGET = 13.0;
				MARKETING_VERSION = 1.0;
				PRODUCT_BUNDLE_IDENTIFIER = net.hyemory.LinkedListTests;
				PRODUCT_NAME = "$(TARGET_NAME)";
				SDKROOT = auto;
				SUPPORTED_PLATFORMS = "iphoneos iphonesimulator macosx";
				SWIFT_EMIT_LOC_STRINGS = NO;
				SWIFT_VERSION = 5.0;
				TARGETED_DEVICE_FAMILY = "1,2";
			};
			name = Release;
		};
		C7694E7B259C3EC00053667F /* Debug */ = {
			isa = XCBuildConfiguration;
			buildSettings = {
				ALWAYS_SEARCH_USER_PATHS = NO;
				CLANG_ANALYZER_NONNULL = YES;
				CLANG_ANALYZER_NUMBER_OBJECT_CONVERSION = YES_AGGRESSIVE;
				CLANG_CXX_LANGUAGE_STANDARD = "gnu++14";
				CLANG_CXX_LIBRARY = "libc++";
				CLANG_ENABLE_MODULES = YES;
				CLANG_ENABLE_OBJC_ARC = YES;
				CLANG_ENABLE_OBJC_WEAK = YES;
				CLANG_WARN_BLOCK_CAPTURE_AUTORELEASING = YES;
				CLANG_WARN_BOOL_CONVERSION = YES;
				CLANG_WARN_COMMA = YES;
				CLANG_WARN_CONSTANT_CONVERSION = YES;
				CLANG_WARN_DEPRECATED_OBJC_IMPLEMENTATIONS = YES;
				CLANG_WARN_DIRECT_OBJC_ISA_USAGE = YES_ERROR;
				CLANG_WARN_DOCUMENTATION_COMMENTS = YES;
				CLANG_WARN_EMPTY_BODY = YES;
				CLANG_WARN_ENUM_CONVERSION = YES;
				CLANG_WARN_INFINITE_RECURSION = YES;
				CLANG_WARN_INT_CONVERSION = YES;
				CLANG_WARN_NON_LITERAL_NULL_CONVERSION = YES;
				CLANG_WARN_OBJC_IMPLICIT_RETAIN_SELF = YES;
				CLANG_WARN_OBJC_LITERAL_CONVERSION = YES;
				CLANG_WARN_OBJC_ROOT_CLASS = YES_ERROR;
				CLANG_WARN_QUOTED_INCLUDE_IN_FRAMEWORK_HEADER = YES;
				CLANG_WARN_RANGE_LOOP_ANALYSIS = YES;
				CLANG_WARN_STRICT_PROTOTYPES = YES;
				CLANG_WARN_SUSPICIOUS_MOVE = YES;
				CLANG_WARN_UNGUARDED_AVAILABILITY = YES_AGGRESSIVE;
				CLANG_WARN_UNREACHABLE_CODE = YES;
				CLANG_WARN__DUPLICATE_METHOD_MATCH = YES;
				COPY_PHASE_STRIP = NO;
				DEBUG_INFORMATION_FORMAT = dwarf;
				ENABLE_STRICT_OBJC_MSGSEND = YES;
				ENABLE_TESTABILITY = YES;
				GCC_C_LANGUAGE_STANDARD = gnu11;
				GCC_DYNAMIC_NO_PIC = NO;
				GCC_NO_COMMON_BLOCKS = YES;
				GCC_OPTIMIZATION_LEVEL = 0;
				GCC_PREPROCESSOR_DEFINITIONS = (
					"DEBUG=1",
					"$(inherited)",
				);
				GCC_WARN_64_TO_32_BIT_CONVERSION = YES;
				GCC_WARN_ABOUT_RETURN_TYPE = YES_ERROR;
				GCC_WARN_UNDECLARED_SELECTOR = YES;
				GCC_WARN_UNINITIALIZED_AUTOS = YES_AGGRESSIVE;
				GCC_WARN_UNUSED_FUNCTION = YES;
				GCC_WARN_UNUSED_VARIABLE = YES;
				MACOSX_DEPLOYMENT_TARGET = 10.15;
				MTL_ENABLE_DEBUG_INFO = INCLUDE_SOURCE;
				MTL_FAST_MATH = YES;
				ONLY_ACTIVE_ARCH = YES;
				SDKROOT = macosx;
				SWIFT_ACTIVE_COMPILATION_CONDITIONS = DEBUG;
				SWIFT_OPTIMIZATION_LEVEL = "-Onone";
			};
			name = Debug;
		};
		C7694E7C259C3EC00053667F /* Release */ = {
			isa = XCBuildConfiguration;
			buildSettings = {
				ALWAYS_SEARCH_USER_PATHS = NO;
				CLANG_ANALYZER_NONNULL = YES;
				CLANG_ANALYZER_NUMBER_OBJECT_CONVERSION = YES_AGGRESSIVE;
				CLANG_CXX_LANGUAGE_STANDARD = "gnu++14";
				CLANG_CXX_LIBRARY = "libc++";
				CLANG_ENABLE_MODULES = YES;
				CLANG_ENABLE_OBJC_ARC = YES;
				CLANG_ENABLE_OBJC_WEAK = YES;
				CLANG_WARN_BLOCK_CAPTURE_AUTORELEASING = YES;
				CLANG_WARN_BOOL_CONVERSION = YES;
				CLANG_WARN_COMMA = YES;
				CLANG_WARN_CONSTANT_CONVERSION = YES;
				CLANG_WARN_DEPRECATED_OBJC_IMPLEMENTATIONS = YES;
				CLANG_WARN_DIRECT_OBJC_ISA_USAGE = YES_ERROR;
				CLANG_WARN_DOCUMENTATION_COMMENTS = YES;
				CLANG_WARN_EMPTY_BODY = YES;
				CLANG_WARN_ENUM_CONVERSION = YES;
				CLANG_WARN_INFINITE_RECURSION = YES;
				CLANG_WARN_INT_CONVERSION = YES;
				CLANG_WARN_NON_LITERAL_NULL_CONVERSION = YES;
				CLANG_WARN_OBJC_IMPLICIT_RETAIN_SELF = YES;
				CLANG_WARN_OBJC_LITERAL_CONVERSION = YES;
				CLANG_WARN_OBJC_ROOT_CLASS = YES_ERROR;
				CLANG_WARN_QUOTED_INCLUDE_IN_FRAMEWORK_HEADER = YES;
				CLANG_WARN_RANGE_LOOP_ANALYSIS = YES;
				CLANG_WARN_STRICT_PROTOTYPES = YES;
				CLANG_WARN_SUSPICIOUS_MOVE = YES;
				CLANG_WARN_UNGUARDED_AVAILABILITY = YES_AGGRESSIVE;
				CLANG_WARN_UNREACHABLE_CODE = YES;
				CLANG_WARN__DUPLICATE_METHOD_MATCH = YES;
				COPY_PHASE_STRIP = NO;
				DEBUG_INFORMATION_FORMAT = "dwarf-with-dsym";
				ENABLE_NS_ASSERTIONS = NO;
				ENABLE_STRICT_OBJC_MSGSEND = YES;
				GCC_C_LANGUAGE_STANDARD = gnu11;
				GCC_NO_COMMON_BLOCKS = YES;
				GCC_WARN_64_TO_32_BIT_CONVERSION = YES;
				GCC_WARN_ABOUT_RETURN_TYPE = YES_ERROR;
				GCC_WARN_UNDECLARED_SELECTOR = YES;
				GCC_WARN_UNINITIALIZED_AUTOS = YES_AGGRESSIVE;
				GCC_WARN_UNUSED_FUNCTION = YES;
				GCC_WARN_UNUSED_VARIABLE = YES;
				MACOSX_DEPLOYMENT_TARGET = 10.15;
				MTL_ENABLE_DEBUG_INFO = NO;
				MTL_FAST_MATH = YES;
				SDKROOT = macosx;
				SWIFT_COMPILATION_MODE = wholemodule;
				SWIFT_OPTIMIZATION_LEVEL = "-O";
			};
			name = Release;
		};
		C7694E7E259C3EC00053667F /* Debug */ = {
			isa = XCBuildConfiguration;
			buildSettings = {
				CODE_SIGN_STYLE = Automatic;
				PRODUCT_NAME = "$(TARGET_NAME)";
				SWIFT_VERSION = 5.0;
			};
			name = Debug;
		};
		C7694E7F259C3EC00053667F /* Release */ = {
			isa = XCBuildConfiguration;
			buildSettings = {
				CODE_SIGN_STYLE = Automatic;
				PRODUCT_NAME = "$(TARGET_NAME)";
				SWIFT_VERSION = 5.0;
			};
			name = Release;
		};
/* End XCBuildConfiguration section */

/* Begin XCConfigurationList section */
		263D6F8D29B5C1A200CC988B /* Build configuration list for PBXNativeTarget "QueueTests" */ = {
			isa = XCConfigurationList;
			buildConfigurations = (
				263D6F8B29B5C1A200CC988B /* Debug */,
				263D6F8C29B5C1A200CC988B /* Release */,
			);
			defaultConfigurationIsVisible = 0;
			defaultConfigurationName = Release;
		};
		BFD484AB29B5B4E400617DE4 /* Build configuration list for PBXNativeTarget "LinkedListTests" */ = {
			isa = XCConfigurationList;
			buildConfigurations = (
				BFD484AC29B5B4E400617DE4 /* Debug */,
				BFD484AD29B5B4E400617DE4 /* Release */,
			);
			defaultConfigurationIsVisible = 0;
			defaultConfigurationName = Release;
		};
		C7694E71259C3EC00053667F /* Build configuration list for PBXProject "BankManagerConsoleApp" */ = {
			isa = XCConfigurationList;
			buildConfigurations = (
				C7694E7B259C3EC00053667F /* Debug */,
				C7694E7C259C3EC00053667F /* Release */,
			);
			defaultConfigurationIsVisible = 0;
			defaultConfigurationName = Release;
		};
		C7694E7D259C3EC00053667F /* Build configuration list for PBXNativeTarget "BankManagerConsoleApp" */ = {
			isa = XCConfigurationList;
			buildConfigurations = (
				C7694E7E259C3EC00053667F /* Debug */,
				C7694E7F259C3EC00053667F /* Release */,
			);
			defaultConfigurationIsVisible = 0;
			defaultConfigurationName = Release;
		};
/* End XCConfigurationList section */
	};
	rootObject = C7694E6E259C3EC00053667F /* Project object */;
}
