// !$*UTF8*$!
{
	archiveVersion = 1;
	classes = {
	};
	objectVersion = 50;
	objects = {

/* Begin PBXBuildFile section */
		2026F038286B25A20022DC4A /* ClientQueueTests.swift in Sources */ = {isa = PBXBuildFile; fileRef = 2026F037286B25A20022DC4A /* ClientQueueTests.swift */; };
		2026F03D286B26120022DC4A /* ClientQueue.swift in Sources */ = {isa = PBXBuildFile; fileRef = A3023D8D286A9DD0001FCD3B /* ClientQueue.swift */; };
		2026F03E286B26140022DC4A /* LinkedList.swift in Sources */ = {isa = PBXBuildFile; fileRef = 20792C09286A8E4B00BE6E93 /* LinkedList.swift */; };
		2026F03F286B26160022DC4A /* Node.swift in Sources */ = {isa = PBXBuildFile; fileRef = A3023D8B286A8CAA001FCD3B /* Node.swift */; };
		207093AD286DF0BE007E3FC0 /* Client.swift in Sources */ = {isa = PBXBuildFile; fileRef = 207093AC286DF0BE007E3FC0 /* Client.swift */; };
		207093AF286DF0C6007E3FC0 /* Bank.swift in Sources */ = {isa = PBXBuildFile; fileRef = 207093AE286DF0C6007E3FC0 /* Bank.swift */; };
		207093B3286DF77D007E3FC0 /* Option.swift in Sources */ = {isa = PBXBuildFile; fileRef = 207093B2286DF77D007E3FC0 /* Option.swift */; };
		20792C0A286A8E4B00BE6E93 /* LinkedList.swift in Sources */ = {isa = PBXBuildFile; fileRef = 20792C09286A8E4B00BE6E93 /* LinkedList.swift */; };
		20EC2A7B28742452005E40B9 /* LoanBankManager.swift in Sources */ = {isa = PBXBuildFile; fileRef = 20EC2A7A28742452005E40B9 /* LoanBankManager.swift */; };
		20EC2A7D2874784F005E40B9 /* Bank+Extension.swift in Sources */ = {isa = PBXBuildFile; fileRef = 20EC2A7C2874784F005E40B9 /* Bank+Extension.swift */; };
		20EC2A7F28747987005E40B9 /* BankManagerConsole.swift in Sources */ = {isa = PBXBuildFile; fileRef = 20EC2A7E28747987005E40B9 /* BankManagerConsole.swift */; };
		20EC2A81287479F8005E40B9 /* BankManagerConsole+Extension.swift in Sources */ = {isa = PBXBuildFile; fileRef = 20EC2A80287479F8005E40B9 /* BankManagerConsole+Extension.swift */; };
		6E9BCBDF5ED066C1578BA84B /* Pods_BankManagerConsoleApp.framework in Frameworks */ = {isa = PBXBuildFile; fileRef = A80F2D562C0C6522B17248C2 /* Pods_BankManagerConsoleApp.framework */; };
		A3023D8C286A8CAA001FCD3B /* Node.swift in Sources */ = {isa = PBXBuildFile; fileRef = A3023D8B286A8CAA001FCD3B /* Node.swift */; };
		A3023D8E286A9DD0001FCD3B /* ClientQueue.swift in Sources */ = {isa = PBXBuildFile; fileRef = A3023D8D286A9DD0001FCD3B /* ClientQueue.swift */; };
		A3EF5E8E286DF36400AC43FB /* Banker+Extension.swift in Sources */ = {isa = PBXBuildFile; fileRef = A3EF5E8D286DF36400AC43FB /* Banker+Extension.swift */; };
		A3EF5E90286DF4E000AC43FB /* Banker.swift in Sources */ = {isa = PBXBuildFile; fileRef = A3EF5E8F286DF4E000AC43FB /* Banker.swift */; };
		C7694E7A259C3EC00053667F /* main.swift in Sources */ = {isa = PBXBuildFile; fileRef = C7694E79259C3EC00053667F /* main.swift */; };
		C7D65D1B259C8190005510E0 /* DepositBankManager.swift in Sources */ = {isa = PBXBuildFile; fileRef = C7D65D1A259C8190005510E0 /* DepositBankManager.swift */; };
/* End PBXBuildFile section */

/* Begin PBXCopyFilesBuildPhase section */
		C7694E74259C3EC00053667F /* CopyFiles */ = {
			isa = PBXCopyFilesBuildPhase;
			buildActionMask = 2147483647;
			dstPath = /usr/share/man/man1/;
			dstSubfolderSpec = 0;
			files = (
			);
			runOnlyForDeploymentPostprocessing = 1;
		};
/* End PBXCopyFilesBuildPhase section */

/* Begin PBXFileReference section */
		2026F035286B25A20022DC4A /* ClientQueueTests.xctest */ = {isa = PBXFileReference; explicitFileType = wrapper.cfbundle; includeInIndex = 0; path = ClientQueueTests.xctest; sourceTree = BUILT_PRODUCTS_DIR; };
		2026F037286B25A20022DC4A /* ClientQueueTests.swift */ = {isa = PBXFileReference; lastKnownFileType = sourcecode.swift; path = ClientQueueTests.swift; sourceTree = "<group>"; };
		207093AC286DF0BE007E3FC0 /* Client.swift */ = {isa = PBXFileReference; lastKnownFileType = sourcecode.swift; path = Client.swift; sourceTree = "<group>"; };
		207093AE286DF0C6007E3FC0 /* Bank.swift */ = {isa = PBXFileReference; lastKnownFileType = sourcecode.swift; path = Bank.swift; sourceTree = "<group>"; };
		207093B2286DF77D007E3FC0 /* Option.swift */ = {isa = PBXFileReference; lastKnownFileType = sourcecode.swift; path = Option.swift; sourceTree = "<group>"; };
		20792C082869FDFA00BE6E93 /* .swiftlint.yml */ = {isa = PBXFileReference; lastKnownFileType = text.yaml; path = .swiftlint.yml; sourceTree = "<group>"; };
		20792C09286A8E4B00BE6E93 /* LinkedList.swift */ = {isa = PBXFileReference; lastKnownFileType = sourcecode.swift; path = LinkedList.swift; sourceTree = "<group>"; };
		20EC2A7A28742452005E40B9 /* LoanBankManager.swift */ = {isa = PBXFileReference; lastKnownFileType = sourcecode.swift; path = LoanBankManager.swift; sourceTree = "<group>"; };
		20EC2A7C2874784F005E40B9 /* Bank+Extension.swift */ = {isa = PBXFileReference; lastKnownFileType = sourcecode.swift; path = "Bank+Extension.swift"; sourceTree = "<group>"; };
		20EC2A7E28747987005E40B9 /* BankManagerConsole.swift */ = {isa = PBXFileReference; lastKnownFileType = sourcecode.swift; path = BankManagerConsole.swift; sourceTree = "<group>"; };
		20EC2A80287479F8005E40B9 /* BankManagerConsole+Extension.swift */ = {isa = PBXFileReference; lastKnownFileType = sourcecode.swift; path = "BankManagerConsole+Extension.swift"; sourceTree = "<group>"; };
		9030D124F26EB54F00D55C9C /* Pods-BankManagerConsoleApp.release.xcconfig */ = {isa = PBXFileReference; includeInIndex = 1; lastKnownFileType = text.xcconfig; name = "Pods-BankManagerConsoleApp.release.xcconfig"; path = "Target Support Files/Pods-BankManagerConsoleApp/Pods-BankManagerConsoleApp.release.xcconfig"; sourceTree = "<group>"; };
		A3023D8B286A8CAA001FCD3B /* Node.swift */ = {isa = PBXFileReference; lastKnownFileType = sourcecode.swift; path = Node.swift; sourceTree = "<group>"; };
		A3023D8D286A9DD0001FCD3B /* ClientQueue.swift */ = {isa = PBXFileReference; lastKnownFileType = sourcecode.swift; path = ClientQueue.swift; sourceTree = "<group>"; };
		A3EF5E8D286DF36400AC43FB /* Banker+Extension.swift */ = {isa = PBXFileReference; lastKnownFileType = sourcecode.swift; path = "Banker+Extension.swift"; sourceTree = "<group>"; };
		A3EF5E8F286DF4E000AC43FB /* Banker.swift */ = {isa = PBXFileReference; lastKnownFileType = sourcecode.swift; path = Banker.swift; sourceTree = "<group>"; };
		A80F2D562C0C6522B17248C2 /* Pods_BankManagerConsoleApp.framework */ = {isa = PBXFileReference; explicitFileType = wrapper.framework; includeInIndex = 0; path = Pods_BankManagerConsoleApp.framework; sourceTree = BUILT_PRODUCTS_DIR; };
		AD05DB750A6C174C2ADCD069 /* Pods-BankManagerConsoleApp.debug.xcconfig */ = {isa = PBXFileReference; includeInIndex = 1; lastKnownFileType = text.xcconfig; name = "Pods-BankManagerConsoleApp.debug.xcconfig"; path = "Target Support Files/Pods-BankManagerConsoleApp/Pods-BankManagerConsoleApp.debug.xcconfig"; sourceTree = "<group>"; };
		C7694E76259C3EC00053667F /* BankManagerConsoleApp */ = {isa = PBXFileReference; explicitFileType = "compiled.mach-o.executable"; includeInIndex = 0; path = BankManagerConsoleApp; sourceTree = BUILT_PRODUCTS_DIR; };
		C7694E79259C3EC00053667F /* main.swift */ = {isa = PBXFileReference; lastKnownFileType = sourcecode.swift; path = main.swift; sourceTree = "<group>"; };
		C7D65D1A259C8190005510E0 /* DepositBankManager.swift */ = {isa = PBXFileReference; fileEncoding = 4; lastKnownFileType = sourcecode.swift; path = DepositBankManager.swift; sourceTree = "<group>"; };
/* End PBXFileReference section */

/* Begin PBXFrameworksBuildPhase section */
		2026F032286B25A20022DC4A /* Frameworks */ = {
			isa = PBXFrameworksBuildPhase;
			buildActionMask = 2147483647;
			files = (
			);
			runOnlyForDeploymentPostprocessing = 0;
		};
		C7694E73259C3EC00053667F /* Frameworks */ = {
			isa = PBXFrameworksBuildPhase;
			buildActionMask = 2147483647;
			files = (
				6E9BCBDF5ED066C1578BA84B /* Pods_BankManagerConsoleApp.framework in Frameworks */,
			);
			runOnlyForDeploymentPostprocessing = 0;
		};
/* End PBXFrameworksBuildPhase section */

/* Begin PBXGroup section */
		2026F036286B25A20022DC4A /* ClientQueueTests */ = {
			isa = PBXGroup;
			children = (
				2026F037286B25A20022DC4A /* ClientQueueTests.swift */,
			);
			path = ClientQueueTests;
			sourceTree = "<group>";
		};
		20EC2A8228747A57005E40B9 /* BankManagerConsole */ = {
			isa = PBXGroup;
			children = (
				20EC2A7E28747987005E40B9 /* BankManagerConsole.swift */,
				20EC2A80287479F8005E40B9 /* BankManagerConsole+Extension.swift */,
			);
			path = BankManagerConsole;
			sourceTree = "<group>";
		};
		20EC2A8328747A7C005E40B9 /* Queue */ = {
			isa = PBXGroup;
			children = (
				A3023D8B286A8CAA001FCD3B /* Node.swift */,
				20792C09286A8E4B00BE6E93 /* LinkedList.swift */,
				A3023D8D286A9DD0001FCD3B /* ClientQueue.swift */,
			);
			path = Queue;
			sourceTree = "<group>";
		};
		20EC2A8428747A8C005E40B9 /* Bank */ = {
			isa = PBXGroup;
			children = (
				207093AE286DF0C6007E3FC0 /* Bank.swift */,
				20EC2A7C2874784F005E40B9 /* Bank+Extension.swift */,
			);
			path = Bank;
			sourceTree = "<group>";
		};
		20EC2A8528747AA7005E40B9 /* BankManager */ = {
			isa = PBXGroup;
			children = (
				C7D65D1A259C8190005510E0 /* DepositBankManager.swift */,
				20EC2A7A28742452005E40B9 /* LoanBankManager.swift */,
			);
			path = BankManager;
			sourceTree = "<group>";
		};
		20EC2A8628747AB3005E40B9 /* Banker */ = {
			isa = PBXGroup;
			children = (
				A3EF5E8F286DF4E000AC43FB /* Banker.swift */,
				A3EF5E8D286DF36400AC43FB /* Banker+Extension.swift */,
			);
			path = Banker;
			sourceTree = "<group>";
		};
		5965229323B2EDFE3EB9C044 /* Frameworks */ = {
			isa = PBXGroup;
			children = (
				A80F2D562C0C6522B17248C2 /* Pods_BankManagerConsoleApp.framework */,
			);
			name = Frameworks;
			sourceTree = "<group>";
		};
		88F5459BBCDC86AEA6B9C0AF /* Pods */ = {
			isa = PBXGroup;
			children = (
				AD05DB750A6C174C2ADCD069 /* Pods-BankManagerConsoleApp.debug.xcconfig */,
				9030D124F26EB54F00D55C9C /* Pods-BankManagerConsoleApp.release.xcconfig */,
			);
			path = Pods;
			sourceTree = "<group>";
		};
		C7694E6D259C3EC00053667F = {
			isa = PBXGroup;
			children = (
				20792C082869FDFA00BE6E93 /* .swiftlint.yml */,
				C7694E78259C3EC00053667F /* BankManagerConsoleApp */,
				2026F036286B25A20022DC4A /* ClientQueueTests */,
				C7694E77259C3EC00053667F /* Products */,
				88F5459BBCDC86AEA6B9C0AF /* Pods */,
				5965229323B2EDFE3EB9C044 /* Frameworks */,
			);
			sourceTree = "<group>";
		};
		C7694E77259C3EC00053667F /* Products */ = {
			isa = PBXGroup;
			children = (
				C7694E76259C3EC00053667F /* BankManagerConsoleApp */,
				2026F035286B25A20022DC4A /* ClientQueueTests.xctest */,
			);
			name = Products;
			sourceTree = "<group>";
		};
		C7694E78259C3EC00053667F /* BankManagerConsoleApp */ = {
			isa = PBXGroup;
			children = (
				C7694E79259C3EC00053667F /* main.swift */,
				20EC2A8328747A7C005E40B9 /* Queue */,
				20EC2A8228747A57005E40B9 /* BankManagerConsole */,
				20EC2A8428747A8C005E40B9 /* Bank */,
				20EC2A8528747AA7005E40B9 /* BankManager */,
				20EC2A8628747AB3005E40B9 /* Banker */,
				207093AC286DF0BE007E3FC0 /* Client.swift */,
				207093B2286DF77D007E3FC0 /* Option.swift */,
			);
			path = BankManagerConsoleApp;
			sourceTree = "<group>";
		};
/* End PBXGroup section */

/* Begin PBXNativeTarget section */
		2026F034286B25A20022DC4A /* ClientQueueTests */ = {
			isa = PBXNativeTarget;
			buildConfigurationList = 2026F039286B25A20022DC4A /* Build configuration list for PBXNativeTarget "ClientQueueTests" */;
			buildPhases = (
				2026F031286B25A20022DC4A /* Sources */,
				2026F032286B25A20022DC4A /* Frameworks */,
				2026F033286B25A20022DC4A /* Resources */,
			);
			buildRules = (
			);
			dependencies = (
			);
			name = ClientQueueTests;
			productName = CustomerQueueTests;
			productReference = 2026F035286B25A20022DC4A /* ClientQueueTests.xctest */;
			productType = "com.apple.product-type.bundle.unit-test";
		};
		C7694E75259C3EC00053667F /* BankManagerConsoleApp */ = {
			isa = PBXNativeTarget;
			buildConfigurationList = C7694E7D259C3EC00053667F /* Build configuration list for PBXNativeTarget "BankManagerConsoleApp" */;
			buildPhases = (
				B7282CD208596E5F800EDCE5 /* [CP] Check Pods Manifest.lock */,
				A303459A2869F7270037A600 /* ShellScript */,
				C7694E72259C3EC00053667F /* Sources */,
				C7694E73259C3EC00053667F /* Frameworks */,
				C7694E74259C3EC00053667F /* CopyFiles */,
			);
			buildRules = (
			);
			dependencies = (
			);
			name = BankManagerConsoleApp;
			productName = BankManagerConsoleApp;
			productReference = C7694E76259C3EC00053667F /* BankManagerConsoleApp */;
			productType = "com.apple.product-type.tool";
		};
/* End PBXNativeTarget section */

/* Begin PBXProject section */
		C7694E6E259C3EC00053667F /* Project object */ = {
			isa = PBXProject;
			attributes = {
				LastSwiftUpdateCheck = 1330;
				LastUpgradeCheck = 1210;
				TargetAttributes = {
					2026F034286B25A20022DC4A = {
						CreatedOnToolsVersion = 13.3.1;
					};
					C7694E75259C3EC00053667F = {
						CreatedOnToolsVersion = 12.1;
					};
				};
			};
			buildConfigurationList = C7694E71259C3EC00053667F /* Build configuration list for PBXProject "BankManagerConsoleApp" */;
			compatibilityVersion = "Xcode 9.3";
			developmentRegion = en;
			hasScannedForEncodings = 0;
			knownRegions = (
				en,
				Base,
			);
			mainGroup = C7694E6D259C3EC00053667F;
			productRefGroup = C7694E77259C3EC00053667F /* Products */;
			projectDirPath = "";
			projectRoot = "";
			targets = (
				C7694E75259C3EC00053667F /* BankManagerConsoleApp */,
				2026F034286B25A20022DC4A /* ClientQueueTests */,
			);
		};
/* End PBXProject section */

/* Begin PBXResourcesBuildPhase section */
		2026F033286B25A20022DC4A /* Resources */ = {
			isa = PBXResourcesBuildPhase;
			buildActionMask = 2147483647;
			files = (
			);
			runOnlyForDeploymentPostprocessing = 0;
		};
/* End PBXResourcesBuildPhase section */

/* Begin PBXShellScriptBuildPhase section */
		A303459A2869F7270037A600 /* ShellScript */ = {
			isa = PBXShellScriptBuildPhase;
			buildActionMask = 2147483647;
			files = (
			);
			inputFileListPaths = (
			);
			inputPaths = (
			);
			outputFileListPaths = (
			);
			outputPaths = (
			);
			runOnlyForDeploymentPostprocessing = 0;
			shellPath = /bin/sh;
			shellScript = "${PODS_ROOT}/SwiftLint/swiftlint\n";
		};
		B7282CD208596E5F800EDCE5 /* [CP] Check Pods Manifest.lock */ = {
			isa = PBXShellScriptBuildPhase;
			buildActionMask = 2147483647;
			files = (
			);
			inputFileListPaths = (
			);
			inputPaths = (
				"${PODS_PODFILE_DIR_PATH}/Podfile.lock",
				"${PODS_ROOT}/Manifest.lock",
			);
			name = "[CP] Check Pods Manifest.lock";
			outputFileListPaths = (
			);
			outputPaths = (
				"$(DERIVED_FILE_DIR)/Pods-BankManagerConsoleApp-checkManifestLockResult.txt",
			);
			runOnlyForDeploymentPostprocessing = 0;
			shellPath = /bin/sh;
			shellScript = "diff \"${PODS_PODFILE_DIR_PATH}/Podfile.lock\" \"${PODS_ROOT}/Manifest.lock\" > /dev/null\nif [ $? != 0 ] ; then\n    # print error to STDERR\n    echo \"error: The sandbox is not in sync with the Podfile.lock. Run 'pod install' or update your CocoaPods installation.\" >&2\n    exit 1\nfi\n# This output is used by Xcode 'outputs' to avoid re-running this script phase.\necho \"SUCCESS\" > \"${SCRIPT_OUTPUT_FILE_0}\"\n";
			showEnvVarsInLog = 0;
		};
/* End PBXShellScriptBuildPhase section */

/* Begin PBXSourcesBuildPhase section */
		2026F031286B25A20022DC4A /* Sources */ = {
			isa = PBXSourcesBuildPhase;
			buildActionMask = 2147483647;
			files = (
				2026F03E286B26140022DC4A /* LinkedList.swift in Sources */,
				2026F038286B25A20022DC4A /* ClientQueueTests.swift in Sources */,
				2026F03D286B26120022DC4A /* ClientQueue.swift in Sources */,
				2026F03F286B26160022DC4A /* Node.swift in Sources */,
			);
			runOnlyForDeploymentPostprocessing = 0;
		};
		C7694E72259C3EC00053667F /* Sources */ = {
			isa = PBXSourcesBuildPhase;
			buildActionMask = 2147483647;
			files = (
				A3023D8C286A8CAA001FCD3B /* Node.swift in Sources */,
				C7694E7A259C3EC00053667F /* main.swift in Sources */,
				207093AD286DF0BE007E3FC0 /* Client.swift in Sources */,
				20EC2A81287479F8005E40B9 /* BankManagerConsole+Extension.swift in Sources */,
				20EC2A7D2874784F005E40B9 /* Bank+Extension.swift in Sources */,
				207093B3286DF77D007E3FC0 /* Option.swift in Sources */,
				A3023D8E286A9DD0001FCD3B /* ClientQueue.swift in Sources */,
				20792C0A286A8E4B00BE6E93 /* LinkedList.swift in Sources */,
				A3EF5E8E286DF36400AC43FB /* Banker+Extension.swift in Sources */,
				A3EF5E90286DF4E000AC43FB /* Banker.swift in Sources */,
				C7D65D1B259C8190005510E0 /* DepositBankManager.swift in Sources */,
				207093AF286DF0C6007E3FC0 /* Bank.swift in Sources */,
				20EC2A7F28747987005E40B9 /* BankManagerConsole.swift in Sources */,
				20EC2A7B28742452005E40B9 /* LoanBankManager.swift in Sources */,
			);
			runOnlyForDeploymentPostprocessing = 0;
		};
/* End PBXSourcesBuildPhase section */

/* Begin XCBuildConfiguration section */
		2026F03A286B25A20022DC4A /* Debug */ = {
			isa = XCBuildConfiguration;
			buildSettings = {
				CLANG_CXX_LANGUAGE_STANDARD = "gnu++17";
				CODE_SIGN_STYLE = Automatic;
				CURRENT_PROJECT_VERSION = 1;
				GENERATE_INFOPLIST_FILE = YES;
				MACOSX_DEPLOYMENT_TARGET = 12.3;
				MARKETING_VERSION = 1.0;
				PRODUCT_BUNDLE_IDENTIFIER = kr.minsu.CustomerQueueTests;
				PRODUCT_NAME = "$(TARGET_NAME)";
				SWIFT_EMIT_LOC_STRINGS = NO;
				SWIFT_VERSION = 5.0;
			};
			name = Debug;
		};
		2026F03B286B25A20022DC4A /* Release */ = {
			isa = XCBuildConfiguration;
			buildSettings = {
				CLANG_CXX_LANGUAGE_STANDARD = "gnu++17";
				CODE_SIGN_STYLE = Automatic;
				CURRENT_PROJECT_VERSION = 1;
				GENERATE_INFOPLIST_FILE = YES;
				MACOSX_DEPLOYMENT_TARGET = 12.3;
				MARKETING_VERSION = 1.0;
				PRODUCT_BUNDLE_IDENTIFIER = kr.minsu.CustomerQueueTests;
				PRODUCT_NAME = "$(TARGET_NAME)";
				SWIFT_EMIT_LOC_STRINGS = NO;
				SWIFT_VERSION = 5.0;
			};
			name = Release;
		};
		C7694E7B259C3EC00053667F /* Debug */ = {
			isa = XCBuildConfiguration;
			buildSettings = {
				ALWAYS_SEARCH_USER_PATHS = NO;
				CLANG_ANALYZER_NONNULL = YES;
				CLANG_ANALYZER_NUMBER_OBJECT_CONVERSION = YES_AGGRESSIVE;
				CLANG_CXX_LANGUAGE_STANDARD = "gnu++14";
				CLANG_CXX_LIBRARY = "libc++";
				CLANG_ENABLE_MODULES = YES;
				CLANG_ENABLE_OBJC_ARC = YES;
				CLANG_ENABLE_OBJC_WEAK = YES;
				CLANG_WARN_BLOCK_CAPTURE_AUTORELEASING = YES;
				CLANG_WARN_BOOL_CONVERSION = YES;
				CLANG_WARN_COMMA = YES;
				CLANG_WARN_CONSTANT_CONVERSION = YES;
				CLANG_WARN_DEPRECATED_OBJC_IMPLEMENTATIONS = YES;
				CLANG_WARN_DIRECT_OBJC_ISA_USAGE = YES_ERROR;
				CLANG_WARN_DOCUMENTATION_COMMENTS = YES;
				CLANG_WARN_EMPTY_BODY = YES;
				CLANG_WARN_ENUM_CONVERSION = YES;
				CLANG_WARN_INFINITE_RECURSION = YES;
				CLANG_WARN_INT_CONVERSION = YES;
				CLANG_WARN_NON_LITERAL_NULL_CONVERSION = YES;
				CLANG_WARN_OBJC_IMPLICIT_RETAIN_SELF = YES;
				CLANG_WARN_OBJC_LITERAL_CONVERSION = YES;
				CLANG_WARN_OBJC_ROOT_CLASS = YES_ERROR;
				CLANG_WARN_QUOTED_INCLUDE_IN_FRAMEWORK_HEADER = YES;
				CLANG_WARN_RANGE_LOOP_ANALYSIS = YES;
				CLANG_WARN_STRICT_PROTOTYPES = YES;
				CLANG_WARN_SUSPICIOUS_MOVE = YES;
				CLANG_WARN_UNGUARDED_AVAILABILITY = YES_AGGRESSIVE;
				CLANG_WARN_UNREACHABLE_CODE = YES;
				CLANG_WARN__DUPLICATE_METHOD_MATCH = YES;
				COPY_PHASE_STRIP = NO;
				DEBUG_INFORMATION_FORMAT = dwarf;
				ENABLE_STRICT_OBJC_MSGSEND = YES;
				ENABLE_TESTABILITY = YES;
				GCC_C_LANGUAGE_STANDARD = gnu11;
				GCC_DYNAMIC_NO_PIC = NO;
				GCC_NO_COMMON_BLOCKS = YES;
				GCC_OPTIMIZATION_LEVEL = 0;
				GCC_PREPROCESSOR_DEFINITIONS = (
					"DEBUG=1",
					"$(inherited)",
				);
				GCC_WARN_64_TO_32_BIT_CONVERSION = YES;
				GCC_WARN_ABOUT_RETURN_TYPE = YES_ERROR;
				GCC_WARN_UNDECLARED_SELECTOR = YES;
				GCC_WARN_UNINITIALIZED_AUTOS = YES_AGGRESSIVE;
				GCC_WARN_UNUSED_FUNCTION = YES;
				GCC_WARN_UNUSED_VARIABLE = YES;
				MACOSX_DEPLOYMENT_TARGET = 10.15;
				MTL_ENABLE_DEBUG_INFO = INCLUDE_SOURCE;
				MTL_FAST_MATH = YES;
				ONLY_ACTIVE_ARCH = YES;
				SDKROOT = macosx;
				SWIFT_ACTIVE_COMPILATION_CONDITIONS = DEBUG;
				SWIFT_OPTIMIZATION_LEVEL = "-Onone";
			};
			name = Debug;
		};
		C7694E7C259C3EC00053667F /* Release */ = {
			isa = XCBuildConfiguration;
			buildSettings = {
				ALWAYS_SEARCH_USER_PATHS = NO;
				CLANG_ANALYZER_NONNULL = YES;
				CLANG_ANALYZER_NUMBER_OBJECT_CONVERSION = YES_AGGRESSIVE;
				CLANG_CXX_LANGUAGE_STANDARD = "gnu++14";
				CLANG_CXX_LIBRARY = "libc++";
				CLANG_ENABLE_MODULES = YES;
				CLANG_ENABLE_OBJC_ARC = YES;
				CLANG_ENABLE_OBJC_WEAK = YES;
				CLANG_WARN_BLOCK_CAPTURE_AUTORELEASING = YES;
				CLANG_WARN_BOOL_CONVERSION = YES;
				CLANG_WARN_COMMA = YES;
				CLANG_WARN_CONSTANT_CONVERSION = YES;
				CLANG_WARN_DEPRECATED_OBJC_IMPLEMENTATIONS = YES;
				CLANG_WARN_DIRECT_OBJC_ISA_USAGE = YES_ERROR;
				CLANG_WARN_DOCUMENTATION_COMMENTS = YES;
				CLANG_WARN_EMPTY_BODY = YES;
				CLANG_WARN_ENUM_CONVERSION = YES;
				CLANG_WARN_INFINITE_RECURSION = YES;
				CLANG_WARN_INT_CONVERSION = YES;
				CLANG_WARN_NON_LITERAL_NULL_CONVERSION = YES;
				CLANG_WARN_OBJC_IMPLICIT_RETAIN_SELF = YES;
				CLANG_WARN_OBJC_LITERAL_CONVERSION = YES;
				CLANG_WARN_OBJC_ROOT_CLASS = YES_ERROR;
				CLANG_WARN_QUOTED_INCLUDE_IN_FRAMEWORK_HEADER = YES;
				CLANG_WARN_RANGE_LOOP_ANALYSIS = YES;
				CLANG_WARN_STRICT_PROTOTYPES = YES;
				CLANG_WARN_SUSPICIOUS_MOVE = YES;
				CLANG_WARN_UNGUARDED_AVAILABILITY = YES_AGGRESSIVE;
				CLANG_WARN_UNREACHABLE_CODE = YES;
				CLANG_WARN__DUPLICATE_METHOD_MATCH = YES;
				COPY_PHASE_STRIP = NO;
				DEBUG_INFORMATION_FORMAT = "dwarf-with-dsym";
				ENABLE_NS_ASSERTIONS = NO;
				ENABLE_STRICT_OBJC_MSGSEND = YES;
				GCC_C_LANGUAGE_STANDARD = gnu11;
				GCC_NO_COMMON_BLOCKS = YES;
				GCC_WARN_64_TO_32_BIT_CONVERSION = YES;
				GCC_WARN_ABOUT_RETURN_TYPE = YES_ERROR;
				GCC_WARN_UNDECLARED_SELECTOR = YES;
				GCC_WARN_UNINITIALIZED_AUTOS = YES_AGGRESSIVE;
				GCC_WARN_UNUSED_FUNCTION = YES;
				GCC_WARN_UNUSED_VARIABLE = YES;
				MACOSX_DEPLOYMENT_TARGET = 10.15;
				MTL_ENABLE_DEBUG_INFO = NO;
				MTL_FAST_MATH = YES;
				ONLY_ACTIVE_ARCH = YES;
				SDKROOT = macosx;
				SWIFT_COMPILATION_MODE = wholemodule;
				SWIFT_OPTIMIZATION_LEVEL = "-O";
			};
			name = Release;
		};
		C7694E7E259C3EC00053667F /* Debug */ = {
			isa = XCBuildConfiguration;
			baseConfigurationReference = AD05DB750A6C174C2ADCD069 /* Pods-BankManagerConsoleApp.debug.xcconfig */;
			buildSettings = {
				ARCHS = "$(ARCHS_STANDARD)";
				CODE_SIGN_STYLE = Automatic;
				ONLY_ACTIVE_ARCH = YES;
				PRODUCT_NAME = "$(TARGET_NAME)";
				SWIFT_VERSION = 5.0;
			};
			name = Debug;
		};
		C7694E7F259C3EC00053667F /* Release */ = {
			isa = XCBuildConfiguration;
			baseConfigurationReference = 9030D124F26EB54F00D55C9C /* Pods-BankManagerConsoleApp.release.xcconfig */;
			buildSettings = {
				ARCHS = "$(ARCHS_STANDARD)";
				CODE_SIGN_STYLE = Automatic;
				ONLY_ACTIVE_ARCH = NO;
				PRODUCT_NAME = "$(TARGET_NAME)";
				SWIFT_VERSION = 5.0;
			};
			name = Release;
		};
/* End XCBuildConfiguration section */

/* Begin XCConfigurationList section */
		2026F039286B25A20022DC4A /* Build configuration list for PBXNativeTarget "ClientQueueTests" */ = {
			isa = XCConfigurationList;
			buildConfigurations = (
				2026F03A286B25A20022DC4A /* Debug */,
				2026F03B286B25A20022DC4A /* Release */,
			);
			defaultConfigurationIsVisible = 0;
			defaultConfigurationName = Release;
		};
		C7694E71259C3EC00053667F /* Build configuration list for PBXProject "BankManagerConsoleApp" */ = {
			isa = XCConfigurationList;
			buildConfigurations = (
				C7694E7B259C3EC00053667F /* Debug */,
				C7694E7C259C3EC00053667F /* Release */,
			);
			defaultConfigurationIsVisible = 0;
			defaultConfigurationName = Release;
		};
		C7694E7D259C3EC00053667F /* Build configuration list for PBXNativeTarget "BankManagerConsoleApp" */ = {
			isa = XCConfigurationList;
			buildConfigurations = (
				C7694E7E259C3EC00053667F /* Debug */,
				C7694E7F259C3EC00053667F /* Release */,
			);
			defaultConfigurationIsVisible = 0;
			defaultConfigurationName = Release;
		};
/* End XCConfigurationList section */
	};
	rootObject = C7694E6E259C3EC00053667F /* Project object */;
}
