// !$*UTF8*$!
{
	archiveVersion = 1;
	classes = {
	};
	objectVersion = 50;
	objects = {

/* Begin PBXBuildFile section */
		A0A96B9BE1A572BD58BA5A8D /* Pods_BankManagerConsoleApp.framework in Frameworks */ = {isa = PBXBuildFile; fileRef = AEBACD17D142BCB79950C789 /* Pods_BankManagerConsoleApp.framework */; };
		C7694E7A259C3EC00053667F /* main.swift in Sources */ = {isa = PBXBuildFile; fileRef = C7694E79259C3EC00053667F /* main.swift */; };
		C7D65D1B259C8190005510E0 /* BankManager.swift in Sources */ = {isa = PBXBuildFile; fileRef = C7D65D1A259C8190005510E0 /* BankManager.swift */; };
		DA69565F2816FA10000C1164 /* QueueTests.swift in Sources */ = {isa = PBXBuildFile; fileRef = DA69565E2816FA10000C1164 /* QueueTests.swift */; };
		DA695666281831FE000C1164 /* DoubleStack.swift in Sources */ = {isa = PBXBuildFile; fileRef = DA695665281831FE000C1164 /* DoubleStack.swift */; };
		DA69567128184CB3000C1164 /* DoubleStackTests.swift in Sources */ = {isa = PBXBuildFile; fileRef = DA69567028184CB3000C1164 /* DoubleStackTests.swift */; };
		DA695675281850F5000C1164 /* DoubleStack.swift in Sources */ = {isa = PBXBuildFile; fileRef = DA695665281831FE000C1164 /* DoubleStack.swift */; };
		DA69567628185132000C1164 /* Listable.swift in Sources */ = {isa = PBXBuildFile; fileRef = DA7544AC2818421300A36211 /* Listable.swift */; };
		DA69567E28185ABA000C1164 /* LinkedListTest.swift in Sources */ = {isa = PBXBuildFile; fileRef = DA69567D28185ABA000C1164 /* LinkedListTest.swift */; };
		DA69568328185BF5000C1164 /* LinkedList.swift in Sources */ = {isa = PBXBuildFile; fileRef = DA7544792816E67F00A36211 /* LinkedList.swift */; };
		DA69568428185C12000C1164 /* LinkedList.swift in Sources */ = {isa = PBXBuildFile; fileRef = DA7544792816E67F00A36211 /* LinkedList.swift */; };
		DA69568728185C58000C1164 /* Node.swift in Sources */ = {isa = PBXBuildFile; fileRef = DA912A852816E36A00CD671D /* Node.swift */; };
		DA69568828185C67000C1164 /* Listable.swift in Sources */ = {isa = PBXBuildFile; fileRef = DA7544AC2818421300A36211 /* Listable.swift */; };
		DA75448A2817058800A36211 /* Queue.swift in Sources */ = {isa = PBXBuildFile; fileRef = DA7544892817058800A36211 /* Queue.swift */; };
		DA75448B2817058800A36211 /* Queue.swift in Sources */ = {isa = PBXBuildFile; fileRef = DA7544892817058800A36211 /* Queue.swift */; };
		DA7544AD2818421300A36211 /* Listable.swift in Sources */ = {isa = PBXBuildFile; fileRef = DA7544AC2818421300A36211 /* Listable.swift */; };
		DA7544AE2818421400A36211 /* Listable.swift in Sources */ = {isa = PBXBuildFile; fileRef = DA7544AC2818421300A36211 /* Listable.swift */; };
		DA7544B128185E5000A36211 /* .swiftlint.yml in Resources */ = {isa = PBXBuildFile; fileRef = DA7544B028185E5000A36211 /* .swiftlint.yml */; };
		DA7544B228185E5000A36211 /* .swiftlint.yml in Resources */ = {isa = PBXBuildFile; fileRef = DA7544B028185E5000A36211 /* .swiftlint.yml */; };
		DA7544B328185E5000A36211 /* .swiftlint.yml in Resources */ = {isa = PBXBuildFile; fileRef = DA7544B028185E5000A36211 /* .swiftlint.yml */; };
		DA75C059281A841B00A60597 /* Banker.swift in Sources */ = {isa = PBXBuildFile; fileRef = DA75C058281A841B00A60597 /* Banker.swift */; };
		DA912A862816E36A00CD671D /* Node.swift in Sources */ = {isa = PBXBuildFile; fileRef = DA912A852816E36A00CD671D /* Node.swift */; };
/* End PBXBuildFile section */

/* Begin PBXCopyFilesBuildPhase section */
		C7694E74259C3EC00053667F /* CopyFiles */ = {
			isa = PBXCopyFilesBuildPhase;
			buildActionMask = 2147483647;
			dstPath = /usr/share/man/man1/;
			dstSubfolderSpec = 0;
			files = (
			);
			runOnlyForDeploymentPostprocessing = 1;
		};
/* End PBXCopyFilesBuildPhase section */

/* Begin PBXFileReference section */
		6E816482B71F24E5E67F7F83 /* Pods-BankManagerConsoleApp.release.xcconfig */ = {isa = PBXFileReference; includeInIndex = 1; lastKnownFileType = text.xcconfig; name = "Pods-BankManagerConsoleApp.release.xcconfig"; path = "Target Support Files/Pods-BankManagerConsoleApp/Pods-BankManagerConsoleApp.release.xcconfig"; sourceTree = "<group>"; };
		9CFBB1CC3C41AA3BA1325E7C /* Pods-BankManagerConsoleApp.debug.xcconfig */ = {isa = PBXFileReference; includeInIndex = 1; lastKnownFileType = text.xcconfig; name = "Pods-BankManagerConsoleApp.debug.xcconfig"; path = "Target Support Files/Pods-BankManagerConsoleApp/Pods-BankManagerConsoleApp.debug.xcconfig"; sourceTree = "<group>"; };
		AEBACD17D142BCB79950C789 /* Pods_BankManagerConsoleApp.framework */ = {isa = PBXFileReference; explicitFileType = wrapper.framework; includeInIndex = 0; path = Pods_BankManagerConsoleApp.framework; sourceTree = BUILT_PRODUCTS_DIR; };
		C7694E76259C3EC00053667F /* BankManagerConsoleApp */ = {isa = PBXFileReference; explicitFileType = "compiled.mach-o.executable"; includeInIndex = 0; path = BankManagerConsoleApp; sourceTree = BUILT_PRODUCTS_DIR; };
		C7694E79259C3EC00053667F /* main.swift */ = {isa = PBXFileReference; lastKnownFileType = sourcecode.swift; path = main.swift; sourceTree = "<group>"; };
		C7D65D1A259C8190005510E0 /* BankManager.swift */ = {isa = PBXFileReference; fileEncoding = 4; lastKnownFileType = sourcecode.swift; name = BankManager.swift; path = ../../BankManager.swift; sourceTree = "<group>"; };
		DA69565C2816FA10000C1164 /* QueueTests.xctest */ = {isa = PBXFileReference; explicitFileType = wrapper.cfbundle; includeInIndex = 0; path = QueueTests.xctest; sourceTree = BUILT_PRODUCTS_DIR; };
		DA69565E2816FA10000C1164 /* QueueTests.swift */ = {isa = PBXFileReference; lastKnownFileType = sourcecode.swift; path = QueueTests.swift; sourceTree = "<group>"; };
		DA695665281831FE000C1164 /* DoubleStack.swift */ = {isa = PBXFileReference; lastKnownFileType = sourcecode.swift; path = DoubleStack.swift; sourceTree = "<group>"; };
		DA69566E28184CB3000C1164 /* DoubleStackTests.xctest */ = {isa = PBXFileReference; explicitFileType = wrapper.cfbundle; includeInIndex = 0; path = DoubleStackTests.xctest; sourceTree = BUILT_PRODUCTS_DIR; };
		DA69567028184CB3000C1164 /* DoubleStackTests.swift */ = {isa = PBXFileReference; lastKnownFileType = sourcecode.swift; path = DoubleStackTests.swift; sourceTree = "<group>"; };
		DA69567B28185ABA000C1164 /* LinkedListTests.xctest */ = {isa = PBXFileReference; explicitFileType = wrapper.cfbundle; includeInIndex = 0; path = LinkedListTests.xctest; sourceTree = BUILT_PRODUCTS_DIR; };
		DA69567D28185ABA000C1164 /* LinkedListTest.swift */ = {isa = PBXFileReference; lastKnownFileType = sourcecode.swift; path = LinkedListTest.swift; sourceTree = "<group>"; };
		DA7544792816E67F00A36211 /* LinkedList.swift */ = {isa = PBXFileReference; lastKnownFileType = sourcecode.swift; path = LinkedList.swift; sourceTree = "<group>"; };
		DA7544892817058800A36211 /* Queue.swift */ = {isa = PBXFileReference; lastKnownFileType = sourcecode.swift; path = Queue.swift; sourceTree = "<group>"; };
		DA7544AC2818421300A36211 /* Listable.swift */ = {isa = PBXFileReference; lastKnownFileType = sourcecode.swift; path = Listable.swift; sourceTree = "<group>"; };
		DA7544B028185E5000A36211 /* .swiftlint.yml */ = {isa = PBXFileReference; lastKnownFileType = text.yaml; path = .swiftlint.yml; sourceTree = "<group>"; };
		DA75C058281A841B00A60597 /* Banker.swift */ = {isa = PBXFileReference; lastKnownFileType = sourcecode.swift; path = Banker.swift; sourceTree = "<group>"; };
		DA912A852816E36A00CD671D /* Node.swift */ = {isa = PBXFileReference; lastKnownFileType = sourcecode.swift; path = Node.swift; sourceTree = "<group>"; };
/* End PBXFileReference section */

/* Begin PBXFrameworksBuildPhase section */
		C7694E73259C3EC00053667F /* Frameworks */ = {
			isa = PBXFrameworksBuildPhase;
			buildActionMask = 2147483647;
			files = (
				A0A96B9BE1A572BD58BA5A8D /* Pods_BankManagerConsoleApp.framework in Frameworks */,
			);
			runOnlyForDeploymentPostprocessing = 0;
		};
		DA6956592816FA10000C1164 /* Frameworks */ = {
			isa = PBXFrameworksBuildPhase;
			buildActionMask = 2147483647;
			files = (
			);
			runOnlyForDeploymentPostprocessing = 0;
		};
		DA69566B28184CB3000C1164 /* Frameworks */ = {
			isa = PBXFrameworksBuildPhase;
			buildActionMask = 2147483647;
			files = (
			);
			runOnlyForDeploymentPostprocessing = 0;
		};
		DA69567828185ABA000C1164 /* Frameworks */ = {
			isa = PBXFrameworksBuildPhase;
			buildActionMask = 2147483647;
			files = (
			);
			runOnlyForDeploymentPostprocessing = 0;
		};
/* End PBXFrameworksBuildPhase section */

/* Begin PBXGroup section */
		1C12B85BC67CEF37018A99BF /* Frameworks */ = {
			isa = PBXGroup;
			children = (
				AEBACD17D142BCB79950C789 /* Pods_BankManagerConsoleApp.framework */,
			);
			name = Frameworks;
			sourceTree = "<group>";
		};
		719B4824676F4472997671F3 /* Pods */ = {
			isa = PBXGroup;
			children = (
				9CFBB1CC3C41AA3BA1325E7C /* Pods-BankManagerConsoleApp.debug.xcconfig */,
				6E816482B71F24E5E67F7F83 /* Pods-BankManagerConsoleApp.release.xcconfig */,
			);
			path = Pods;
			sourceTree = "<group>";
		};
		C7694E6D259C3EC00053667F = {
			isa = PBXGroup;
			children = (
				DA7544B028185E5000A36211 /* .swiftlint.yml */,
				DA6956682818493D000C1164 /* Utils */,
				C7694E78259C3EC00053667F /* BankManagerConsoleApp */,
				DA69566928184984000C1164 /* Protocol */,
				DA7544AF281855EB00A36211 /* Tests */,
				C7694E77259C3EC00053667F /* Products */,
				719B4824676F4472997671F3 /* Pods */,
				1C12B85BC67CEF37018A99BF /* Frameworks */,
			);
			sourceTree = "<group>";
		};
		C7694E77259C3EC00053667F /* Products */ = {
			isa = PBXGroup;
			children = (
				C7694E76259C3EC00053667F /* BankManagerConsoleApp */,
				DA69565C2816FA10000C1164 /* QueueTests.xctest */,
				DA69566E28184CB3000C1164 /* DoubleStackTests.xctest */,
				DA69567B28185ABA000C1164 /* LinkedListTests.xctest */,
			);
			name = Products;
			sourceTree = "<group>";
		};
		C7694E78259C3EC00053667F /* BankManagerConsoleApp */ = {
			isa = PBXGroup;
			children = (
				C7D65D1A259C8190005510E0 /* BankManager.swift */,
				DA75C058281A841B00A60597 /* Banker.swift */,
				C7694E79259C3EC00053667F /* main.swift */,
			);
			path = BankManagerConsoleApp;
			sourceTree = "<group>";
		};
		DA69565D2816FA10000C1164 /* QueueTests */ = {
			isa = PBXGroup;
			children = (
				DA69565E2816FA10000C1164 /* QueueTests.swift */,
			);
			path = QueueTests;
			sourceTree = "<group>";
		};
		DA6956682818493D000C1164 /* Utils */ = {
			isa = PBXGroup;
			children = (
				DA912A852816E36A00CD671D /* Node.swift */,
				DA7544792816E67F00A36211 /* LinkedList.swift */,
				DA7544892817058800A36211 /* Queue.swift */,
				DA695665281831FE000C1164 /* DoubleStack.swift */,
			);
			path = Utils;
			sourceTree = "<group>";
		};
		DA69566928184984000C1164 /* Protocol */ = {
			isa = PBXGroup;
			children = (
				DA7544AC2818421300A36211 /* Listable.swift */,
			);
			path = Protocol;
			sourceTree = "<group>";
		};
		DA69566F28184CB3000C1164 /* DoubleStackTests */ = {
			isa = PBXGroup;
			children = (
				DA69567028184CB3000C1164 /* DoubleStackTests.swift */,
			);
			path = DoubleStackTests;
			sourceTree = "<group>";
		};
		DA69567C28185ABA000C1164 /* LinkedListTest */ = {
			isa = PBXGroup;
			children = (
				DA69567D28185ABA000C1164 /* LinkedListTest.swift */,
			);
			path = LinkedListTest;
			sourceTree = "<group>";
		};
		DA7544AF281855EB00A36211 /* Tests */ = {
			isa = PBXGroup;
			children = (
				DA69567C28185ABA000C1164 /* LinkedListTest */,
				DA69566F28184CB3000C1164 /* DoubleStackTests */,
				DA69565D2816FA10000C1164 /* QueueTests */,
			);
			path = Tests;
			sourceTree = "<group>";
		};
/* End PBXGroup section */

/* Begin PBXNativeTarget section */
		C7694E75259C3EC00053667F /* BankManagerConsoleApp */ = {
			isa = PBXNativeTarget;
			buildConfigurationList = C7694E7D259C3EC00053667F /* Build configuration list for PBXNativeTarget "BankManagerConsoleApp" */;
			buildPhases = (
				D8C6862164A762BB71DF4A0E /* [CP] Check Pods Manifest.lock */,
				C7694E72259C3EC00053667F /* Sources */,
				C7694E73259C3EC00053667F /* Frameworks */,
				C7694E74259C3EC00053667F /* CopyFiles */,
				DA7544782816C06800A36211 /* ShellScript */,
			);
			buildRules = (
			);
			dependencies = (
			);
			name = BankManagerConsoleApp;
			productName = BankManagerConsoleApp;
			productReference = C7694E76259C3EC00053667F /* BankManagerConsoleApp */;
			productType = "com.apple.product-type.tool";
		};
		DA69565B2816FA10000C1164 /* QueueTests */ = {
			isa = PBXNativeTarget;
			buildConfigurationList = DA6956602816FA10000C1164 /* Build configuration list for PBXNativeTarget "QueueTests" */;
			buildPhases = (
				DA6956582816FA10000C1164 /* Sources */,
				DA6956592816FA10000C1164 /* Frameworks */,
				DA69565A2816FA10000C1164 /* Resources */,
			);
			buildRules = (
			);
			dependencies = (
			);
			name = QueueTests;
			productName = LinkedListTests;
			productReference = DA69565C2816FA10000C1164 /* QueueTests.xctest */;
			productType = "com.apple.product-type.bundle.unit-test";
		};
		DA69566D28184CB3000C1164 /* DoubleStackTests */ = {
			isa = PBXNativeTarget;
			buildConfigurationList = DA69567228184CB3000C1164 /* Build configuration list for PBXNativeTarget "DoubleStackTests" */;
			buildPhases = (
				DA69566A28184CB3000C1164 /* Sources */,
				DA69566B28184CB3000C1164 /* Frameworks */,
				DA69566C28184CB3000C1164 /* Resources */,
			);
			buildRules = (
			);
			dependencies = (
			);
			name = DoubleStackTests;
			productName = DoubleStackTests;
			productReference = DA69566E28184CB3000C1164 /* DoubleStackTests.xctest */;
			productType = "com.apple.product-type.bundle.unit-test";
		};
		DA69567A28185ABA000C1164 /* LinkedListTests */ = {
			isa = PBXNativeTarget;
			buildConfigurationList = DA69568128185ABA000C1164 /* Build configuration list for PBXNativeTarget "LinkedListTests" */;
			buildPhases = (
				DA69567728185ABA000C1164 /* Sources */,
				DA69567828185ABA000C1164 /* Frameworks */,
				DA69567928185ABA000C1164 /* Resources */,
			);
			buildRules = (
			);
			dependencies = (
			);
			name = LinkedListTests;
			productName = LinkedListTest;
			productReference = DA69567B28185ABA000C1164 /* LinkedListTests.xctest */;
			productType = "com.apple.product-type.bundle.unit-test";
		};
/* End PBXNativeTarget section */

/* Begin PBXProject section */
		C7694E6E259C3EC00053667F /* Project object */ = {
			isa = PBXProject;
			attributes = {
				LastSwiftUpdateCheck = 1330;
				LastUpgradeCheck = 1210;
				TargetAttributes = {
					C7694E75259C3EC00053667F = {
						CreatedOnToolsVersion = 12.1;
					};
					DA69565B2816FA10000C1164 = {
						CreatedOnToolsVersion = 13.3.1;
					};
					DA69566D28184CB3000C1164 = {
						CreatedOnToolsVersion = 13.3.1;
					};
					DA69567A28185ABA000C1164 = {
						CreatedOnToolsVersion = 13.3.1;
					};
				};
			};
			buildConfigurationList = C7694E71259C3EC00053667F /* Build configuration list for PBXProject "BankManagerConsoleApp" */;
			compatibilityVersion = "Xcode 9.3";
			developmentRegion = en;
			hasScannedForEncodings = 0;
			knownRegions = (
				en,
				Base,
			);
			mainGroup = C7694E6D259C3EC00053667F;
			productRefGroup = C7694E77259C3EC00053667F /* Products */;
			projectDirPath = "";
			projectRoot = "";
			targets = (
				C7694E75259C3EC00053667F /* BankManagerConsoleApp */,
				DA69565B2816FA10000C1164 /* QueueTests */,
				DA69566D28184CB3000C1164 /* DoubleStackTests */,
				DA69567A28185ABA000C1164 /* LinkedListTests */,
			);
		};
/* End PBXProject section */

/* Begin PBXResourcesBuildPhase section */
		DA69565A2816FA10000C1164 /* Resources */ = {
			isa = PBXResourcesBuildPhase;
			buildActionMask = 2147483647;
			files = (
				DA7544B128185E5000A36211 /* .swiftlint.yml in Resources */,
			);
			runOnlyForDeploymentPostprocessing = 0;
		};
		DA69566C28184CB3000C1164 /* Resources */ = {
			isa = PBXResourcesBuildPhase;
			buildActionMask = 2147483647;
			files = (
				DA7544B228185E5000A36211 /* .swiftlint.yml in Resources */,
			);
			runOnlyForDeploymentPostprocessing = 0;
		};
		DA69567928185ABA000C1164 /* Resources */ = {
			isa = PBXResourcesBuildPhase;
			buildActionMask = 2147483647;
			files = (
				DA7544B328185E5000A36211 /* .swiftlint.yml in Resources */,
			);
			runOnlyForDeploymentPostprocessing = 0;
		};
/* End PBXResourcesBuildPhase section */

/* Begin PBXShellScriptBuildPhase section */
		D8C6862164A762BB71DF4A0E /* [CP] Check Pods Manifest.lock */ = {
			isa = PBXShellScriptBuildPhase;
			buildActionMask = 2147483647;
			files = (
			);
			inputFileListPaths = (
			);
			inputPaths = (
				"${PODS_PODFILE_DIR_PATH}/Podfile.lock",
				"${PODS_ROOT}/Manifest.lock",
			);
			name = "[CP] Check Pods Manifest.lock";
			outputFileListPaths = (
			);
			outputPaths = (
				"$(DERIVED_FILE_DIR)/Pods-BankManagerConsoleApp-checkManifestLockResult.txt",
			);
			runOnlyForDeploymentPostprocessing = 0;
			shellPath = /bin/sh;
			shellScript = "diff \"${PODS_PODFILE_DIR_PATH}/Podfile.lock\" \"${PODS_ROOT}/Manifest.lock\" > /dev/null\nif [ $? != 0 ] ; then\n    # print error to STDERR\n    echo \"error: The sandbox is not in sync with the Podfile.lock. Run 'pod install' or update your CocoaPods installation.\" >&2\n    exit 1\nfi\n# This output is used by Xcode 'outputs' to avoid re-running this script phase.\necho \"SUCCESS\" > \"${SCRIPT_OUTPUT_FILE_0}\"\n";
			showEnvVarsInLog = 0;
		};
		DA7544782816C06800A36211 /* ShellScript */ = {
			isa = PBXShellScriptBuildPhase;
			buildActionMask = 2147483647;
			files = (
			);
			inputFileListPaths = (
			);
			inputPaths = (
			);
			outputFileListPaths = (
			);
			outputPaths = (
			);
			runOnlyForDeploymentPostprocessing = 0;
			shellPath = /bin/sh;
			shellScript = "\"${PODS_ROOT}/SwiftLint/swiftlint\"\n";
		};
/* End PBXShellScriptBuildPhase section */

/* Begin PBXSourcesBuildPhase section */
		C7694E72259C3EC00053667F /* Sources */ = {
			isa = PBXSourcesBuildPhase;
			buildActionMask = 2147483647;
			files = (
				DA75448A2817058800A36211 /* Queue.swift in Sources */,
				DA695666281831FE000C1164 /* DoubleStack.swift in Sources */,
				DA75C059281A841B00A60597 /* Banker.swift in Sources */,
				DA7544AD2818421300A36211 /* Listable.swift in Sources */,
				DA912A862816E36A00CD671D /* Node.swift in Sources */,
				C7694E7A259C3EC00053667F /* main.swift in Sources */,
				DA69568428185C12000C1164 /* LinkedList.swift in Sources */,
				C7D65D1B259C8190005510E0 /* BankManager.swift in Sources */,
			);
			runOnlyForDeploymentPostprocessing = 0;
		};
		DA6956582816FA10000C1164 /* Sources */ = {
			isa = PBXSourcesBuildPhase;
			buildActionMask = 2147483647;
			files = (
				DA69565F2816FA10000C1164 /* QueueTests.swift in Sources */,
				DA75448B2817058800A36211 /* Queue.swift in Sources */,
				DA7544AE2818421400A36211 /* Listable.swift in Sources */,
			);
			runOnlyForDeploymentPostprocessing = 0;
		};
		DA69566A28184CB3000C1164 /* Sources */ = {
			isa = PBXSourcesBuildPhase;
			buildActionMask = 2147483647;
			files = (
				DA69567128184CB3000C1164 /* DoubleStackTests.swift in Sources */,
				DA69567628185132000C1164 /* Listable.swift in Sources */,
				DA695675281850F5000C1164 /* DoubleStack.swift in Sources */,
			);
			runOnlyForDeploymentPostprocessing = 0;
		};
		DA69567728185ABA000C1164 /* Sources */ = {
			isa = PBXSourcesBuildPhase;
			buildActionMask = 2147483647;
			files = (
				DA69568728185C58000C1164 /* Node.swift in Sources */,
				DA69568828185C67000C1164 /* Listable.swift in Sources */,
				DA69568328185BF5000C1164 /* LinkedList.swift in Sources */,
				DA69567E28185ABA000C1164 /* LinkedListTest.swift in Sources */,
			);
			runOnlyForDeploymentPostprocessing = 0;
		};
/* End PBXSourcesBuildPhase section */

/* Begin XCBuildConfiguration section */
		C7694E7B259C3EC00053667F /* Debug */ = {
			isa = XCBuildConfiguration;
			buildSettings = {
				ALWAYS_SEARCH_USER_PATHS = NO;
				CLANG_ANALYZER_NONNULL = YES;
				CLANG_ANALYZER_NUMBER_OBJECT_CONVERSION = YES_AGGRESSIVE;
				CLANG_CXX_LANGUAGE_STANDARD = "gnu++14";
				CLANG_CXX_LIBRARY = "libc++";
				CLANG_ENABLE_MODULES = YES;
				CLANG_ENABLE_OBJC_ARC = YES;
				CLANG_ENABLE_OBJC_WEAK = YES;
				CLANG_WARN_BLOCK_CAPTURE_AUTORELEASING = YES;
				CLANG_WARN_BOOL_CONVERSION = YES;
				CLANG_WARN_COMMA = YES;
				CLANG_WARN_CONSTANT_CONVERSION = YES;
				CLANG_WARN_DEPRECATED_OBJC_IMPLEMENTATIONS = YES;
				CLANG_WARN_DIRECT_OBJC_ISA_USAGE = YES_ERROR;
				CLANG_WARN_DOCUMENTATION_COMMENTS = YES;
				CLANG_WARN_EMPTY_BODY = YES;
				CLANG_WARN_ENUM_CONVERSION = YES;
				CLANG_WARN_INFINITE_RECURSION = YES;
				CLANG_WARN_INT_CONVERSION = YES;
				CLANG_WARN_NON_LITERAL_NULL_CONVERSION = YES;
				CLANG_WARN_OBJC_IMPLICIT_RETAIN_SELF = YES;
				CLANG_WARN_OBJC_LITERAL_CONVERSION = YES;
				CLANG_WARN_OBJC_ROOT_CLASS = YES_ERROR;
				CLANG_WARN_QUOTED_INCLUDE_IN_FRAMEWORK_HEADER = YES;
				CLANG_WARN_RANGE_LOOP_ANALYSIS = YES;
				CLANG_WARN_STRICT_PROTOTYPES = YES;
				CLANG_WARN_SUSPICIOUS_MOVE = YES;
				CLANG_WARN_UNGUARDED_AVAILABILITY = YES_AGGRESSIVE;
				CLANG_WARN_UNREACHABLE_CODE = YES;
				CLANG_WARN__DUPLICATE_METHOD_MATCH = YES;
				COPY_PHASE_STRIP = NO;
				DEBUG_INFORMATION_FORMAT = dwarf;
				ENABLE_STRICT_OBJC_MSGSEND = YES;
				ENABLE_TESTABILITY = YES;
				GCC_C_LANGUAGE_STANDARD = gnu11;
				GCC_DYNAMIC_NO_PIC = NO;
				GCC_NO_COMMON_BLOCKS = YES;
				GCC_OPTIMIZATION_LEVEL = 0;
				GCC_PREPROCESSOR_DEFINITIONS = (
					"DEBUG=1",
					"$(inherited)",
				);
				GCC_WARN_64_TO_32_BIT_CONVERSION = YES;
				GCC_WARN_ABOUT_RETURN_TYPE = YES_ERROR;
				GCC_WARN_UNDECLARED_SELECTOR = YES;
				GCC_WARN_UNINITIALIZED_AUTOS = YES_AGGRESSIVE;
				GCC_WARN_UNUSED_FUNCTION = YES;
				GCC_WARN_UNUSED_VARIABLE = YES;
				MACOSX_DEPLOYMENT_TARGET = 10.15;
				MTL_ENABLE_DEBUG_INFO = INCLUDE_SOURCE;
				MTL_FAST_MATH = YES;
				ONLY_ACTIVE_ARCH = YES;
				SDKROOT = macosx;
				SWIFT_ACTIVE_COMPILATION_CONDITIONS = DEBUG;
				SWIFT_OPTIMIZATION_LEVEL = "-O";
			};
			name = Debug;
		};
		C7694E7C259C3EC00053667F /* Release */ = {
			isa = XCBuildConfiguration;
			buildSettings = {
				ALWAYS_SEARCH_USER_PATHS = NO;
				CLANG_ANALYZER_NONNULL = YES;
				CLANG_ANALYZER_NUMBER_OBJECT_CONVERSION = YES_AGGRESSIVE;
				CLANG_CXX_LANGUAGE_STANDARD = "gnu++14";
				CLANG_CXX_LIBRARY = "libc++";
				CLANG_ENABLE_MODULES = YES;
				CLANG_ENABLE_OBJC_ARC = YES;
				CLANG_ENABLE_OBJC_WEAK = YES;
				CLANG_WARN_BLOCK_CAPTURE_AUTORELEASING = YES;
				CLANG_WARN_BOOL_CONVERSION = YES;
				CLANG_WARN_COMMA = YES;
				CLANG_WARN_CONSTANT_CONVERSION = YES;
				CLANG_WARN_DEPRECATED_OBJC_IMPLEMENTATIONS = YES;
				CLANG_WARN_DIRECT_OBJC_ISA_USAGE = YES_ERROR;
				CLANG_WARN_DOCUMENTATION_COMMENTS = YES;
				CLANG_WARN_EMPTY_BODY = YES;
				CLANG_WARN_ENUM_CONVERSION = YES;
				CLANG_WARN_INFINITE_RECURSION = YES;
				CLANG_WARN_INT_CONVERSION = YES;
				CLANG_WARN_NON_LITERAL_NULL_CONVERSION = YES;
				CLANG_WARN_OBJC_IMPLICIT_RETAIN_SELF = YES;
				CLANG_WARN_OBJC_LITERAL_CONVERSION = YES;
				CLANG_WARN_OBJC_ROOT_CLASS = YES_ERROR;
				CLANG_WARN_QUOTED_INCLUDE_IN_FRAMEWORK_HEADER = YES;
				CLANG_WARN_RANGE_LOOP_ANALYSIS = YES;
				CLANG_WARN_STRICT_PROTOTYPES = YES;
				CLANG_WARN_SUSPICIOUS_MOVE = YES;
				CLANG_WARN_UNGUARDED_AVAILABILITY = YES_AGGRESSIVE;
				CLANG_WARN_UNREACHABLE_CODE = YES;
				CLANG_WARN__DUPLICATE_METHOD_MATCH = YES;
				COPY_PHASE_STRIP = NO;
				DEBUG_INFORMATION_FORMAT = "dwarf-with-dsym";
				ENABLE_NS_ASSERTIONS = NO;
				ENABLE_STRICT_OBJC_MSGSEND = YES;
				GCC_C_LANGUAGE_STANDARD = gnu11;
				GCC_NO_COMMON_BLOCKS = YES;
				GCC_OPTIMIZATION_LEVEL = 0;
				GCC_WARN_64_TO_32_BIT_CONVERSION = YES;
				GCC_WARN_ABOUT_RETURN_TYPE = YES_ERROR;
				GCC_WARN_UNDECLARED_SELECTOR = YES;
				GCC_WARN_UNINITIALIZED_AUTOS = YES_AGGRESSIVE;
				GCC_WARN_UNUSED_FUNCTION = YES;
				GCC_WARN_UNUSED_VARIABLE = YES;
				MACOSX_DEPLOYMENT_TARGET = 10.15;
				MTL_ENABLE_DEBUG_INFO = NO;
				MTL_FAST_MATH = YES;
				SDKROOT = macosx;
				SWIFT_COMPILATION_MODE = wholemodule;
				SWIFT_OPTIMIZATION_LEVEL = "-Osize";
			};
			name = Release;
		};
		C7694E7E259C3EC00053667F /* Debug */ = {
			isa = XCBuildConfiguration;
			baseConfigurationReference = 9CFBB1CC3C41AA3BA1325E7C /* Pods-BankManagerConsoleApp.debug.xcconfig */;
			buildSettings = {
				CODE_SIGN_STYLE = Automatic;
				PRODUCT_NAME = "$(TARGET_NAME)";
				SWIFT_VERSION = 5.0;
			};
			name = Debug;
		};
		C7694E7F259C3EC00053667F /* Release */ = {
			isa = XCBuildConfiguration;
			baseConfigurationReference = 6E816482B71F24E5E67F7F83 /* Pods-BankManagerConsoleApp.release.xcconfig */;
			buildSettings = {
				CODE_SIGN_STYLE = Automatic;
				PRODUCT_NAME = "$(TARGET_NAME)";
				SWIFT_VERSION = 5.0;
			};
			name = Release;
		};
		DA6956612816FA10000C1164 /* Debug */ = {
			isa = XCBuildConfiguration;
			buildSettings = {
				CLANG_CXX_LANGUAGE_STANDARD = "gnu++17";
				CODE_SIGN_STYLE = Automatic;
				CURRENT_PROJECT_VERSION = 1;
				GENERATE_INFOPLIST_FILE = YES;
				MACOSX_DEPLOYMENT_TARGET = 12.3;
				MARKETING_VERSION = 1.0;
				PRODUCT_BUNDLE_IDENTIFIER = onetool.net.LinkedListTests;
				PRODUCT_NAME = "$(TARGET_NAME)";
				SWIFT_EMIT_LOC_STRINGS = NO;
				SWIFT_VERSION = 5.0;
			};
			name = Debug;
		};
		DA6956622816FA10000C1164 /* Release */ = {
			isa = XCBuildConfiguration;
			buildSettings = {
				CLANG_CXX_LANGUAGE_STANDARD = "gnu++17";
				CODE_SIGN_STYLE = Automatic;
				CURRENT_PROJECT_VERSION = 1;
				GENERATE_INFOPLIST_FILE = YES;
				MACOSX_DEPLOYMENT_TARGET = 12.3;
				MARKETING_VERSION = 1.0;
				PRODUCT_BUNDLE_IDENTIFIER = onetool.net.LinkedListTests;
				PRODUCT_NAME = "$(TARGET_NAME)";
				SWIFT_EMIT_LOC_STRINGS = NO;
				SWIFT_VERSION = 5.0;
			};
			name = Release;
		};
		DA69567328184CB3000C1164 /* Debug */ = {
			isa = XCBuildConfiguration;
			buildSettings = {
				CLANG_CXX_LANGUAGE_STANDARD = "gnu++17";
				CODE_SIGN_STYLE = Automatic;
				CURRENT_PROJECT_VERSION = 1;
				GENERATE_INFOPLIST_FILE = YES;
				MACOSX_DEPLOYMENT_TARGET = 12.3;
				MARKETING_VERSION = 1.0;
				PRODUCT_BUNDLE_IDENTIFIER = onetool.net.DoubleStackTests;
				PRODUCT_NAME = "$(TARGET_NAME)";
				SWIFT_EMIT_LOC_STRINGS = NO;
				SWIFT_VERSION = 5.0;
			};
			name = Debug;
		};
		DA69567428184CB3000C1164 /* Release */ = {
			isa = XCBuildConfiguration;
			buildSettings = {
				CLANG_CXX_LANGUAGE_STANDARD = "gnu++17";
				CODE_SIGN_STYLE = Automatic;
				CURRENT_PROJECT_VERSION = 1;
				GENERATE_INFOPLIST_FILE = YES;
				MACOSX_DEPLOYMENT_TARGET = 12.3;
				MARKETING_VERSION = 1.0;
				PRODUCT_BUNDLE_IDENTIFIER = onetool.net.DoubleStackTests;
				PRODUCT_NAME = "$(TARGET_NAME)";
				SWIFT_EMIT_LOC_STRINGS = NO;
				SWIFT_VERSION = 5.0;
			};
			name = Release;
		};
		DA69567F28185ABA000C1164 /* Debug */ = {
			isa = XCBuildConfiguration;
			buildSettings = {
				CLANG_CXX_LANGUAGE_STANDARD = "gnu++17";
				CODE_SIGN_STYLE = Automatic;
				CURRENT_PROJECT_VERSION = 1;
				GENERATE_INFOPLIST_FILE = YES;
				MACOSX_DEPLOYMENT_TARGET = 12.3;
				MARKETING_VERSION = 1.0;
				PRODUCT_BUNDLE_IDENTIFIER = onetool.net.LinkedListTest;
				PRODUCT_NAME = "$(TARGET_NAME)";
				SWIFT_EMIT_LOC_STRINGS = NO;
				SWIFT_VERSION = 5.0;
			};
			name = Debug;
		};
		DA69568028185ABA000C1164 /* Release */ = {
			isa = XCBuildConfiguration;
			buildSettings = {
				CLANG_CXX_LANGUAGE_STANDARD = "gnu++17";
				CODE_SIGN_STYLE = Automatic;
				CURRENT_PROJECT_VERSION = 1;
				GENERATE_INFOPLIST_FILE = YES;
				MACOSX_DEPLOYMENT_TARGET = 12.3;
				MARKETING_VERSION = 1.0;
				PRODUCT_BUNDLE_IDENTIFIER = onetool.net.LinkedListTest;
				PRODUCT_NAME = "$(TARGET_NAME)";
				SWIFT_EMIT_LOC_STRINGS = NO;
				SWIFT_VERSION = 5.0;
			};
			name = Release;
		};
/* End XCBuildConfiguration section */

/* Begin XCConfigurationList section */
		C7694E71259C3EC00053667F /* Build configuration list for PBXProject "BankManagerConsoleApp" */ = {
			isa = XCConfigurationList;
			buildConfigurations = (
				C7694E7B259C3EC00053667F /* Debug */,
				C7694E7C259C3EC00053667F /* Release */,
			);
			defaultConfigurationIsVisible = 0;
			defaultConfigurationName = Release;
		};
		C7694E7D259C3EC00053667F /* Build configuration list for PBXNativeTarget "BankManagerConsoleApp" */ = {
			isa = XCConfigurationList;
			buildConfigurations = (
				C7694E7E259C3EC00053667F /* Debug */,
				C7694E7F259C3EC00053667F /* Release */,
			);
			defaultConfigurationIsVisible = 0;
			defaultConfigurationName = Release;
		};
		DA6956602816FA10000C1164 /* Build configuration list for PBXNativeTarget "QueueTests" */ = {
			isa = XCConfigurationList;
			buildConfigurations = (
				DA6956612816FA10000C1164 /* Debug */,
				DA6956622816FA10000C1164 /* Release */,
			);
			defaultConfigurationIsVisible = 0;
			defaultConfigurationName = Release;
		};
		DA69567228184CB3000C1164 /* Build configuration list for PBXNativeTarget "DoubleStackTests" */ = {
			isa = XCConfigurationList;
			buildConfigurations = (
				DA69567328184CB3000C1164 /* Debug */,
				DA69567428184CB3000C1164 /* Release */,
			);
			defaultConfigurationIsVisible = 0;
			defaultConfigurationName = Release;
		};
		DA69568128185ABA000C1164 /* Build configuration list for PBXNativeTarget "LinkedListTests" */ = {
			isa = XCConfigurationList;
			buildConfigurations = (
				DA69567F28185ABA000C1164 /* Debug */,
				DA69568028185ABA000C1164 /* Release */,
			);
			defaultConfigurationIsVisible = 0;
			defaultConfigurationName = Release;
		};
/* End XCConfigurationList section */
	};
	rootObject = C7694E6E259C3EC00053667F /* Project object */;
}
